// !$*UTF8*$!
{
	archiveVersion = 1;
	classes = {
	};
	objectVersion = 46;
	objects = {

/* Begin PBXBuildFile section */
		BCA085FF19CB50EF008CAE7B /* AppDelegate.swift in Sources */ = {isa = PBXBuildFile; fileRef = BCA085FE19CB50EF008CAE7B /* AppDelegate.swift */; };
		BCA0860119CB50EF008CAE7B /* ViewController.swift in Sources */ = {isa = PBXBuildFile; fileRef = BCA0860019CB50EF008CAE7B /* ViewController.swift */; };
		BCA0860419CB50EF008CAE7B /* Main.storyboard in Resources */ = {isa = PBXBuildFile; fileRef = BCA0860219CB50EF008CAE7B /* Main.storyboard */; };
		BCA0860619CB50EF008CAE7B /* Images.xcassets in Resources */ = {isa = PBXBuildFile; fileRef = BCA0860519CB50EF008CAE7B /* Images.xcassets */; };
		BCA0861219CB50EF008CAE7B /* AppDelegateTests.swift in Sources */ = {isa = PBXBuildFile; fileRef = BCA0861119CB50EF008CAE7B /* AppDelegateTests.swift */; };
		BCA0861C19CB5374008CAE7B /* YellowViewController.swift in Sources */ = {isa = PBXBuildFile; fileRef = BCA0861B19CB5374008CAE7B /* YellowViewController.swift */; };
/* End PBXBuildFile section */

/* Begin PBXContainerItemProxy section */
		BCA0860C19CB50EF008CAE7B /* PBXContainerItemProxy */ = {
			isa = PBXContainerItemProxy;
			containerPortal = BCA085F119CB50EF008CAE7B /* Project object */;
			proxyType = 1;
			remoteGlobalIDString = BCA085F819CB50EF008CAE7B;
			remoteInfo = AppDelegate;
		};
/* End PBXContainerItemProxy section */

/* Begin PBXFileReference section */
		BCA085F919CB50EF008CAE7B /* AppDelegate.app */ = {isa = PBXFileReference; explicitFileType = wrapper.application; includeInIndex = 0; path = AppDelegate.app; sourceTree = BUILT_PRODUCTS_DIR; };
		BCA085FD19CB50EF008CAE7B /* Info.plist */ = {isa = PBXFileReference; lastKnownFileType = text.plist.xml; path = Info.plist; sourceTree = "<group>"; };
		BCA085FE19CB50EF008CAE7B /* AppDelegate.swift */ = {isa = PBXFileReference; lastKnownFileType = sourcecode.swift; path = AppDelegate.swift; sourceTree = "<group>"; };
		BCA0860019CB50EF008CAE7B /* ViewController.swift */ = {isa = PBXFileReference; lastKnownFileType = sourcecode.swift; path = ViewController.swift; sourceTree = "<group>"; };
		BCA0860319CB50EF008CAE7B /* Base */ = {isa = PBXFileReference; lastKnownFileType = file.storyboard; name = Base; path = Base.lproj/Main.storyboard; sourceTree = "<group>"; };
		BCA0860519CB50EF008CAE7B /* Images.xcassets */ = {isa = PBXFileReference; lastKnownFileType = folder.assetcatalog; path = Images.xcassets; sourceTree = "<group>"; };
		BCA0860B19CB50EF008CAE7B /* AppDelegateTests.xctest */ = {isa = PBXFileReference; explicitFileType = wrapper.cfbundle; includeInIndex = 0; path = AppDelegateTests.xctest; sourceTree = BUILT_PRODUCTS_DIR; };
		BCA0861019CB50EF008CAE7B /* Info.plist */ = {isa = PBXFileReference; lastKnownFileType = text.plist.xml; path = Info.plist; sourceTree = "<group>"; };
		BCA0861119CB50EF008CAE7B /* AppDelegateTests.swift */ = {isa = PBXFileReference; lastKnownFileType = sourcecode.swift; path = AppDelegateTests.swift; sourceTree = "<group>"; };
		BCA0861B19CB5374008CAE7B /* YellowViewController.swift */ = {isa = PBXFileReference; fileEncoding = 4; lastKnownFileType = sourcecode.swift; name = YellowViewController.swift; path = "View Controllers/YellowViewController.swift"; sourceTree = "<group>"; };
/* End PBXFileReference section */

/* Begin PBXFrameworksBuildPhase section */
		BCA085F619CB50EF008CAE7B /* Frameworks */ = {
			isa = PBXFrameworksBuildPhase;
			buildActionMask = 2147483647;
			files = (
			);
			runOnlyForDeploymentPostprocessing = 0;
		};
		BCA0860819CB50EF008CAE7B /* Frameworks */ = {
			isa = PBXFrameworksBuildPhase;
			buildActionMask = 2147483647;
			files = (
			);
			runOnlyForDeploymentPostprocessing = 0;
		};
/* End PBXFrameworksBuildPhase section */

/* Begin PBXGroup section */
		BCA085F019CB50EF008CAE7B = {
			isa = PBXGroup;
			children = (
				BCA085FB19CB50EF008CAE7B /* CodeOnly */,
				BCA0860E19CB50EF008CAE7B /* AppDelegateTests */,
				BCA085FA19CB50EF008CAE7B /* Products */,
			);
			sourceTree = "<group>";
		};
		BCA085FA19CB50EF008CAE7B /* Products */ = {
			isa = PBXGroup;
			children = (
				BCA085F919CB50EF008CAE7B /* AppDelegate.app */,
				BCA0860B19CB50EF008CAE7B /* AppDelegateTests.xctest */,
			);
			name = Products;
			sourceTree = "<group>";
		};
		BCA085FB19CB50EF008CAE7B /* CodeOnly */ = {
			isa = PBXGroup;
			children = (
				BCA085FE19CB50EF008CAE7B /* AppDelegate.swift */,
				BCA0860019CB50EF008CAE7B /* ViewController.swift */,
				BCA0861B19CB5374008CAE7B /* YellowViewController.swift */,
				BCA0860219CB50EF008CAE7B /* Main.storyboard */,
				BCA0860519CB50EF008CAE7B /* Images.xcassets */,
				BCA085FC19CB50EF008CAE7B /* Supporting Files */,
			);
			name = CodeOnly;
			path = AppDelegate;
			sourceTree = "<group>";
		};
		BCA085FC19CB50EF008CAE7B /* Supporting Files */ = {
			isa = PBXGroup;
			children = (
				BCA085FD19CB50EF008CAE7B /* Info.plist */,
			);
			name = "Supporting Files";
			sourceTree = "<group>";
		};
		BCA0860E19CB50EF008CAE7B /* AppDelegateTests */ = {
			isa = PBXGroup;
			children = (
				BCA0861119CB50EF008CAE7B /* AppDelegateTests.swift */,
				BCA0860F19CB50EF008CAE7B /* Supporting Files */,
			);
			path = AppDelegateTests;
			sourceTree = "<group>";
		};
		BCA0860F19CB50EF008CAE7B /* Supporting Files */ = {
			isa = PBXGroup;
			children = (
				BCA0861019CB50EF008CAE7B /* Info.plist */,
			);
			name = "Supporting Files";
			sourceTree = "<group>";
		};
/* End PBXGroup section */

/* Begin PBXNativeTarget section */
		BCA085F819CB50EF008CAE7B /* AppDelegate */ = {
			isa = PBXNativeTarget;
			buildConfigurationList = BCA0861519CB50EF008CAE7B /* Build configuration list for PBXNativeTarget "AppDelegate" */;
			buildPhases = (
				BCA085F519CB50EF008CAE7B /* Sources */,
				BCA085F619CB50EF008CAE7B /* Frameworks */,
				BCA085F719CB50EF008CAE7B /* Resources */,
			);
			buildRules = (
			);
			dependencies = (
			);
			name = AppDelegate;
			productName = AppDelegate;
			productReference = BCA085F919CB50EF008CAE7B /* AppDelegate.app */;
			productType = "com.apple.product-type.application";
		};
		BCA0860A19CB50EF008CAE7B /* AppDelegateTests */ = {
			isa = PBXNativeTarget;
			buildConfigurationList = BCA0861819CB50EF008CAE7B /* Build configuration list for PBXNativeTarget "AppDelegateTests" */;
			buildPhases = (
				BCA0860719CB50EF008CAE7B /* Sources */,
				BCA0860819CB50EF008CAE7B /* Frameworks */,
				BCA0860919CB50EF008CAE7B /* Resources */,
			);
			buildRules = (
			);
			dependencies = (
				BCA0860D19CB50EF008CAE7B /* PBXTargetDependency */,
			);
			name = AppDelegateTests;
			productName = AppDelegateTests;
			productReference = BCA0860B19CB50EF008CAE7B /* AppDelegateTests.xctest */;
			productType = "com.apple.product-type.bundle.unit-test";
		};
/* End PBXNativeTarget section */

/* Begin PBXProject section */
		BCA085F119CB50EF008CAE7B /* Project object */ = {
			isa = PBXProject;
			attributes = {
				LastUpgradeCheck = 0600;
				ORGANIZATIONNAME = "Tyron Allen";
				TargetAttributes = {
					BCA085F819CB50EF008CAE7B = {
						CreatedOnToolsVersion = 6.0;
					};
					BCA0860A19CB50EF008CAE7B = {
						CreatedOnToolsVersion = 6.0;
						TestTargetID = BCA085F819CB50EF008CAE7B;
					};
				};
			};
			buildConfigurationList = BCA085F419CB50EF008CAE7B /* Build configuration list for PBXProject "AppDelegate" */;
			compatibilityVersion = "Xcode 3.2";
			developmentRegion = English;
			hasScannedForEncodings = 0;
			knownRegions = (
				en,
				Base,
			);
			mainGroup = BCA085F019CB50EF008CAE7B;
			productRefGroup = BCA085FA19CB50EF008CAE7B /* Products */;
			projectDirPath = "";
			projectRoot = "";
			targets = (
				BCA085F819CB50EF008CAE7B /* AppDelegate */,
				BCA0860A19CB50EF008CAE7B /* AppDelegateTests */,
			);
		};
/* End PBXProject section */

/* Begin PBXResourcesBuildPhase section */
		BCA085F719CB50EF008CAE7B /* Resources */ = {
			isa = PBXResourcesBuildPhase;
			buildActionMask = 2147483647;
			files = (
				BCA0860419CB50EF008CAE7B /* Main.storyboard in Resources */,
				BCA0860619CB50EF008CAE7B /* Images.xcassets in Resources */,
			);
			runOnlyForDeploymentPostprocessing = 0;
		};
		BCA0860919CB50EF008CAE7B /* Resources */ = {
			isa = PBXResourcesBuildPhase;
			buildActionMask = 2147483647;
			files = (
			);
			runOnlyForDeploymentPostprocessing = 0;
		};
/* End PBXResourcesBuildPhase section */

/* Begin PBXSourcesBuildPhase section */
		BCA085F519CB50EF008CAE7B /* Sources */ = {
			isa = PBXSourcesBuildPhase;
			buildActionMask = 2147483647;
			files = (
				BCA0860119CB50EF008CAE7B /* ViewController.swift in Sources */,
				BCA0861C19CB5374008CAE7B /* YellowViewController.swift in Sources */,
				BCA085FF19CB50EF008CAE7B /* AppDelegate.swift in Sources */,
			);
			runOnlyForDeploymentPostprocessing = 0;
		};
		BCA0860719CB50EF008CAE7B /* Sources */ = {
			isa = PBXSourcesBuildPhase;
			buildActionMask = 2147483647;
			files = (
				BCA0861219CB50EF008CAE7B /* AppDelegateTests.swift in Sources */,
			);
			runOnlyForDeploymentPostprocessing = 0;
		};
/* End PBXSourcesBuildPhase section */

/* Begin PBXTargetDependency section */
		BCA0860D19CB50EF008CAE7B /* PBXTargetDependency */ = {
			isa = PBXTargetDependency;
			target = BCA085F819CB50EF008CAE7B /* AppDelegate */;
			targetProxy = BCA0860C19CB50EF008CAE7B /* PBXContainerItemProxy */;
		};
/* End PBXTargetDependency section */

/* Begin PBXVariantGroup section */
		BCA0860219CB50EF008CAE7B /* Main.storyboard */ = {
			isa = PBXVariantGroup;
			children = (
				BCA0860319CB50EF008CAE7B /* Base */,
			);
			name = Main.storyboard;
			sourceTree = "<group>";
		};
/* End PBXVariantGroup section */

/* Begin XCBuildConfiguration section */
		BCA0861319CB50EF008CAE7B /* Debug */ = {
			isa = XCBuildConfiguration;
			buildSettings = {
				ALWAYS_SEARCH_USER_PATHS = NO;
				CLANG_CXX_LANGUAGE_STANDARD = "gnu++0x";
				CLANG_CXX_LIBRARY = "libc++";
				CLANG_ENABLE_MODULES = YES;
				CLANG_ENABLE_OBJC_ARC = YES;
				CLANG_WARN_BOOL_CONVERSION = YES;
				CLANG_WARN_CONSTANT_CONVERSION = YES;
				CLANG_WARN_DIRECT_OBJC_ISA_USAGE = YES_ERROR;
				CLANG_WARN_EMPTY_BODY = YES;
				CLANG_WARN_ENUM_CONVERSION = YES;
				CLANG_WARN_INT_CONVERSION = YES;
				CLANG_WARN_OBJC_ROOT_CLASS = YES_ERROR;
				CLANG_WARN_UNREACHABLE_CODE = YES;
				CLANG_WARN__DUPLICATE_METHOD_MATCH = YES;
				"CODE_SIGN_IDENTITY[sdk=iphoneos*]" = "iPhone Developer";
				COPY_PHASE_STRIP = NO;
				ENABLE_STRICT_OBJC_MSGSEND = YES;
				GCC_C_LANGUAGE_STANDARD = gnu99;
				GCC_DYNAMIC_NO_PIC = NO;
				GCC_OPTIMIZATION_LEVEL = 0;
				GCC_PREPROCESSOR_DEFINITIONS = (
					"DEBUG=1",
					"$(inherited)",
				);
				GCC_SYMBOLS_PRIVATE_EXTERN = NO;
				GCC_WARN_64_TO_32_BIT_CONVERSION = YES;
				GCC_WARN_ABOUT_RETURN_TYPE = YES_ERROR;
				GCC_WARN_UNDECLARED_SELECTOR = YES;
				GCC_WARN_UNINITIALIZED_AUTOS = YES_AGGRESSIVE;
				GCC_WARN_UNUSED_FUNCTION = YES;
				GCC_WARN_UNUSED_VARIABLE = YES;
				IPHONEOS_DEPLOYMENT_TARGET = 8.0;
				MTL_ENABLE_DEBUG_INFO = YES;
				ONLY_ACTIVE_ARCH = YES;
				SDKROOT = iphoneos;
				SWIFT_OPTIMIZATION_LEVEL = "-Onone";
			};
			name = Debug;
		};
		BCA0861419CB50EF008CAE7B /* Release */ = {
			isa = XCBuildConfiguration;
			buildSettings = {
				ALWAYS_SEARCH_USER_PATHS = NO;
				CLANG_CXX_LANGUAGE_STANDARD = "gnu++0x";
				CLANG_CXX_LIBRARY = "libc++";
				CLANG_ENABLE_MODULES = YES;
				CLANG_ENABLE_OBJC_ARC = YES;
				CLANG_WARN_BOOL_CONVERSION = YES;
				CLANG_WARN_CONSTANT_CONVERSION = YES;
				CLANG_WARN_DIRECT_OBJC_ISA_USAGE = YES_ERROR;
				CLANG_WARN_EMPTY_BODY = YES;
				CLANG_WARN_ENUM_CONVERSION = YES;
				CLANG_WARN_INT_CONVERSION = YES;
				CLANG_WARN_OBJC_ROOT_CLASS = YES_ERROR;
				CLANG_WARN_UNREACHABLE_CODE = YES;
				CLANG_WARN__DUPLICATE_METHOD_MATCH = YES;
				"CODE_SIGN_IDENTITY[sdk=iphoneos*]" = "iPhone Developer";
				COPY_PHASE_STRIP = YES;
				ENABLE_NS_ASSERTIONS = NO;
				ENABLE_STRICT_OBJC_MSGSEND = YES;
				GCC_C_LANGUAGE_STANDARD = gnu99;
				GCC_WARN_64_TO_32_BIT_CONVERSION = YES;
				GCC_WARN_ABOUT_RETURN_TYPE = YES_ERROR;
				GCC_WARN_UNDECLARED_SELECTOR = YES;
				GCC_WARN_UNINITIALIZED_AUTOS = YES_AGGRESSIVE;
				GCC_WARN_UNUSED_FUNCTION = YES;
				GCC_WARN_UNUSED_VARIABLE = YES;
				IPHONEOS_DEPLOYMENT_TARGET = 8.0;
				MTL_ENABLE_DEBUG_INFO = NO;
				SDKROOT = iphoneos;
				VALIDATE_PRODUCT = YES;
			};
			name = Release;
		};
		BCA0861619CB50EF008CAE7B /* Debug */ = {
			isa = XCBuildConfiguration;
			buildSettings = {
				ASSETCATALOG_COMPILER_APPICON_NAME = AppIcon;
				ASSETCATALOG_COMPILER_LAUNCHIMAGE_NAME = LaunchImage;
				INFOPLIST_FILE = AppDelegate/Info.plist;
				LD_RUNPATH_SEARCH_PATHS = "$(inherited) @executable_path/Frameworks";
				PRODUCT_NAME = "$(TARGET_NAME)";
			};
			name = Debug;
		};
		BCA0861719CB50EF008CAE7B /* Release */ = {
			isa = XCBuildConfiguration;
			buildSettings = {
				ASSETCATALOG_COMPILER_APPICON_NAME = AppIcon;
				ASSETCATALOG_COMPILER_LAUNCHIMAGE_NAME = LaunchImage;
				INFOPLIST_FILE = AppDelegate/Info.plist;
				LD_RUNPATH_SEARCH_PATHS = "$(inherited) @executable_path/Frameworks";
				PRODUCT_NAME = "$(TARGET_NAME)";
			};
			name = Release;
		};
		BCA0861919CB50EF008CAE7B /* Debug */ = {
			isa = XCBuildConfiguration;
			buildSettings = {
				BUNDLE_LOADER = "$(TEST_HOST)";
				FRAMEWORK_SEARCH_PATHS = (
					"$(SDKROOT)/Developer/Library/Frameworks",
					"$(inherited)",
				);
				GCC_PREPROCESSOR_DEFINITIONS = (
					"DEBUG=1",
					"$(inherited)",
				);
				INFOPLIST_FILE = AppDelegateTests/Info.plist;
				LD_RUNPATH_SEARCH_PATHS = "$(inherited) @executable_path/Frameworks @loader_path/Frameworks";
				PRODUCT_NAME = "$(TARGET_NAME)";
				TEST_HOST = "$(BUILT_PRODUCTS_DIR)/AppDelegate.app/AppDelegate";
			};
			name = Debug;
		};
		BCA0861A19CB50EF008CAE7B /* Release */ = {
			isa = XCBuildConfiguration;
			buildSettings = {
				BUNDLE_LOADER = "$(TEST_HOST)";
				FRAMEWORK_SEARCH_PATHS = (
					"$(SDKROOT)/Developer/Library/Frameworks",
					"$(inherited)",
				);
				INFOPLIST_FILE = AppDelegateTests/Info.plist;
				LD_RUNPATH_SEARCH_PATHS = "$(inherited) @executable_path/Frameworks @loader_path/Frameworks";
				PRODUCT_NAME = "$(TARGET_NAME)";
				TEST_HOST = "$(BUILT_PRODUCTS_DIR)/AppDelegate.app/AppDelegate";
			};
			name = Release;
		};
/* End XCBuildConfiguration section */

/* Begin XCConfigurationList section */
		BCA085F419CB50EF008CAE7B /* Build configuration list for PBXProject "AppDelegate" */ = {
			isa = XCConfigurationList;
			buildConfigurations = (
				BCA0861319CB50EF008CAE7B /* Debug */,
				BCA0861419CB50EF008CAE7B /* Release */,
			);
			defaultConfigurationIsVisible = 0;
			defaultConfigurationName = Release;
		};
		BCA0861519CB50EF008CAE7B /* Build configuration list for PBXNativeTarget "AppDelegate" */ = {
			isa = XCConfigurationList;
			buildConfigurations = (
				BCA0861619CB50EF008CAE7B /* Debug */,
				BCA0861719CB50EF008CAE7B /* Release */,
			);
			defaultConfigurationIsVisible = 0;
		};
		BCA0861819CB50EF008CAE7B /* Build configuration list for PBXNativeTarget "AppDelegateTests" */ = {
			isa = XCConfigurationList;
			buildConfigurations = (
				BCA0861919CB50EF008CAE7B /* Debug */,
				BCA0861A19CB50EF008CAE7B /* Release */,
			);
			defaultConfigurationIsVisible = 0;
		};
/* End XCConfigurationList section */
	};
	rootObject = BCA085F119CB50EF008CAE7B /* Project object */;
}
