// !$*UTF8*$!
{
	archiveVersion = 1;
	classes = {
	};
	objectVersion = 46;
	objects = {

/* Begin PBXBuildFile section */
		BCDE50661A0BFAA600918DDA /* AppDelegate.swift in Sources */ = {isa = PBXBuildFile; fileRef = BCDE50651A0BFAA600918DDA /* AppDelegate.swift */; };
		BCDE50681A0BFAA600918DDA /* MapKitViewController.swift in Sources */ = {isa = PBXBuildFile; fileRef = BCDE50671A0BFAA600918DDA /* MapKitViewController.swift */; };
		BCDE506B1A0BFAA600918DDA /* Main.storyboard in Resources */ = {isa = PBXBuildFile; fileRef = BCDE50691A0BFAA600918DDA /* Main.storyboard */; };
		BCDE506D1A0BFAA600918DDA /* Images.xcassets in Resources */ = {isa = PBXBuildFile; fileRef = BCDE506C1A0BFAA600918DDA /* Images.xcassets */; };
		BCDE50701A0BFAA600918DDA /* LaunchScreen.xib in Resources */ = {isa = PBXBuildFile; fileRef = BCDE506E1A0BFAA600918DDA /* LaunchScreen.xib */; };
		BCDE507C1A0BFAA600918DDA /* MapKitChallengeTests.swift in Sources */ = {isa = PBXBuildFile; fileRef = BCDE507B1A0BFAA600918DDA /* MapKitChallengeTests.swift */; };
		BCDE50861A0BFAB800918DDA /* MapKit.framework in Frameworks */ = {isa = PBXBuildFile; fileRef = BCDE50851A0BFAB800918DDA /* MapKit.framework */; };
/* End PBXBuildFile section */

/* Begin PBXContainerItemProxy section */
		BCDE50761A0BFAA600918DDA /* PBXContainerItemProxy */ = {
			isa = PBXContainerItemProxy;
			containerPortal = BCDE50581A0BFAA600918DDA /* Project object */;
			proxyType = 1;
			remoteGlobalIDString = BCDE505F1A0BFAA600918DDA;
			remoteInfo = MapKitChallenge;
		};
/* End PBXContainerItemProxy section */

/* Begin PBXFileReference section */
		BCDE50601A0BFAA600918DDA /* MapKitChallenge.app */ = {isa = PBXFileReference; explicitFileType = wrapper.application; includeInIndex = 0; path = MapKitChallenge.app; sourceTree = BUILT_PRODUCTS_DIR; };
		BCDE50641A0BFAA600918DDA /* Info.plist */ = {isa = PBXFileReference; lastKnownFileType = text.plist.xml; path = Info.plist; sourceTree = "<group>"; };
		BCDE50651A0BFAA600918DDA /* AppDelegate.swift */ = {isa = PBXFileReference; lastKnownFileType = sourcecode.swift; path = AppDelegate.swift; sourceTree = "<group>"; };
		BCDE50671A0BFAA600918DDA /* MapKitViewController.swift */ = {isa = PBXFileReference; lastKnownFileType = sourcecode.swift; path = MapKitViewController.swift; sourceTree = "<group>"; };
		BCDE506A1A0BFAA600918DDA /* Base */ = {isa = PBXFileReference; lastKnownFileType = file.storyboard; name = Base; path = Base.lproj/Main.storyboard; sourceTree = "<group>"; };
		BCDE506C1A0BFAA600918DDA /* Images.xcassets */ = {isa = PBXFileReference; lastKnownFileType = folder.assetcatalog; path = Images.xcassets; sourceTree = "<group>"; };
		BCDE506F1A0BFAA600918DDA /* Base */ = {isa = PBXFileReference; lastKnownFileType = file.xib; name = Base; path = Base.lproj/LaunchScreen.xib; sourceTree = "<group>"; };
		BCDE50751A0BFAA600918DDA /* MapKitChallengeTests.xctest */ = {isa = PBXFileReference; explicitFileType = wrapper.cfbundle; includeInIndex = 0; path = MapKitChallengeTests.xctest; sourceTree = BUILT_PRODUCTS_DIR; };
		BCDE507A1A0BFAA600918DDA /* Info.plist */ = {isa = PBXFileReference; lastKnownFileType = text.plist.xml; path = Info.plist; sourceTree = "<group>"; };
		BCDE507B1A0BFAA600918DDA /* MapKitChallengeTests.swift */ = {isa = PBXFileReference; lastKnownFileType = sourcecode.swift; path = MapKitChallengeTests.swift; sourceTree = "<group>"; };
		BCDE50851A0BFAB800918DDA /* MapKit.framework */ = {isa = PBXFileReference; lastKnownFileType = wrapper.framework; name = MapKit.framework; path = System/Library/Frameworks/MapKit.framework; sourceTree = SDKROOT; };
/* End PBXFileReference section */

/* Begin PBXFrameworksBuildPhase section */
		BCDE505D1A0BFAA600918DDA /* Frameworks */ = {
			isa = PBXFrameworksBuildPhase;
			buildActionMask = 2147483647;
			files = (
				BCDE50861A0BFAB800918DDA /* MapKit.framework in Frameworks */,
			);
			runOnlyForDeploymentPostprocessing = 0;
		};
		BCDE50721A0BFAA600918DDA /* Frameworks */ = {
			isa = PBXFrameworksBuildPhase;
			buildActionMask = 2147483647;
			files = (
			);
			runOnlyForDeploymentPostprocessing = 0;
		};
/* End PBXFrameworksBuildPhase section */

/* Begin PBXGroup section */
		BCDE50571A0BFAA600918DDA = {
			isa = PBXGroup;
			children = (
				BCDE50851A0BFAB800918DDA /* MapKit.framework */,
				BCDE50621A0BFAA600918DDA /* MapKitChallenge */,
				BCDE50781A0BFAA600918DDA /* MapKitChallengeTests */,
				BCDE50611A0BFAA600918DDA /* Products */,
			);
			sourceTree = "<group>";
		};
		BCDE50611A0BFAA600918DDA /* Products */ = {
			isa = PBXGroup;
			children = (
				BCDE50601A0BFAA600918DDA /* MapKitChallenge.app */,
				BCDE50751A0BFAA600918DDA /* MapKitChallengeTests.xctest */,
			);
			name = Products;
			sourceTree = "<group>";
		};
		BCDE50621A0BFAA600918DDA /* MapKitChallenge */ = {
			isa = PBXGroup;
			children = (
				BCDE50651A0BFAA600918DDA /* AppDelegate.swift */,
				BCDE50671A0BFAA600918DDA /* MapKitViewController.swift */,
				BCDE50691A0BFAA600918DDA /* Main.storyboard */,
				BCDE506C1A0BFAA600918DDA /* Images.xcassets */,
				BCDE506E1A0BFAA600918DDA /* LaunchScreen.xib */,
				BCDE50631A0BFAA600918DDA /* Supporting Files */,
			);
			path = MapKitChallenge;
			sourceTree = "<group>";
		};
		BCDE50631A0BFAA600918DDA /* Supporting Files */ = {
			isa = PBXGroup;
			children = (
				BCDE50641A0BFAA600918DDA /* Info.plist */,
			);
			name = "Supporting Files";
			sourceTree = "<group>";
		};
		BCDE50781A0BFAA600918DDA /* MapKitChallengeTests */ = {
			isa = PBXGroup;
			children = (
				BCDE507B1A0BFAA600918DDA /* MapKitChallengeTests.swift */,
				BCDE50791A0BFAA600918DDA /* Supporting Files */,
			);
			path = MapKitChallengeTests;
			sourceTree = "<group>";
		};
		BCDE50791A0BFAA600918DDA /* Supporting Files */ = {
			isa = PBXGroup;
			children = (
				BCDE507A1A0BFAA600918DDA /* Info.plist */,
			);
			name = "Supporting Files";
			sourceTree = "<group>";
		};
/* End PBXGroup section */

/* Begin PBXNativeTarget section */
		BCDE505F1A0BFAA600918DDA /* MapKitChallenge */ = {
			isa = PBXNativeTarget;
			buildConfigurationList = BCDE507F1A0BFAA600918DDA /* Build configuration list for PBXNativeTarget "MapKitChallenge" */;
			buildPhases = (
				BCDE505C1A0BFAA600918DDA /* Sources */,
				BCDE505D1A0BFAA600918DDA /* Frameworks */,
				BCDE505E1A0BFAA600918DDA /* Resources */,
			);
			buildRules = (
			);
			dependencies = (
			);
			name = MapKitChallenge;
			productName = MapKitChallenge;
			productReference = BCDE50601A0BFAA600918DDA /* MapKitChallenge.app */;
			productType = "com.apple.product-type.application";
		};
		BCDE50741A0BFAA600918DDA /* MapKitChallengeTests */ = {
			isa = PBXNativeTarget;
			buildConfigurationList = BCDE50821A0BFAA600918DDA /* Build configuration list for PBXNativeTarget "MapKitChallengeTests" */;
			buildPhases = (
				BCDE50711A0BFAA600918DDA /* Sources */,
				BCDE50721A0BFAA600918DDA /* Frameworks */,
				BCDE50731A0BFAA600918DDA /* Resources */,
			);
			buildRules = (
			);
			dependencies = (
				BCDE50771A0BFAA600918DDA /* PBXTargetDependency */,
			);
			name = MapKitChallengeTests;
			productName = MapKitChallengeTests;
			productReference = BCDE50751A0BFAA600918DDA /* MapKitChallengeTests.xctest */;
			productType = "com.apple.product-type.bundle.unit-test";
		};
/* End PBXNativeTarget section */

/* Begin PBXProject section */
		BCDE50581A0BFAA600918DDA /* Project object */ = {
			isa = PBXProject;
			attributes = {
				LastUpgradeCheck = 0600;
				ORGANIZATIONNAME = "Tyron Allen";
				TargetAttributes = {
					BCDE505F1A0BFAA600918DDA = {
						CreatedOnToolsVersion = 6.0;
						SystemCapabilities = {
							com.apple.Maps.iOS = {
								enabled = 1;
							};
						};
					};
					BCDE50741A0BFAA600918DDA = {
						CreatedOnToolsVersion = 6.0;
						TestTargetID = BCDE505F1A0BFAA600918DDA;
					};
				};
			};
			buildConfigurationList = BCDE505B1A0BFAA600918DDA /* Build configuration list for PBXProject "MapKitChallenge" */;
			compatibilityVersion = "Xcode 3.2";
			developmentRegion = English;
			hasScannedForEncodings = 0;
			knownRegions = (
				en,
				Base,
			);
			mainGroup = BCDE50571A0BFAA600918DDA;
			productRefGroup = BCDE50611A0BFAA600918DDA /* Products */;
			projectDirPath = "";
			projectRoot = "";
			targets = (
				BCDE505F1A0BFAA600918DDA /* MapKitChallenge */,
				BCDE50741A0BFAA600918DDA /* MapKitChallengeTests */,
			);
		};
/* End PBXProject section */

/* Begin PBXResourcesBuildPhase section */
		BCDE505E1A0BFAA600918DDA /* Resources */ = {
			isa = PBXResourcesBuildPhase;
			buildActionMask = 2147483647;
			files = (
				BCDE506B1A0BFAA600918DDA /* Main.storyboard in Resources */,
				BCDE50701A0BFAA600918DDA /* LaunchScreen.xib in Resources */,
				BCDE506D1A0BFAA600918DDA /* Images.xcassets in Resources */,
			);
			runOnlyForDeploymentPostprocessing = 0;
		};
		BCDE50731A0BFAA600918DDA /* Resources */ = {
			isa = PBXResourcesBuildPhase;
			buildActionMask = 2147483647;
			files = (
			);
			runOnlyForDeploymentPostprocessing = 0;
		};
/* End PBXResourcesBuildPhase section */

/* Begin PBXSourcesBuildPhase section */
		BCDE505C1A0BFAA600918DDA /* Sources */ = {
			isa = PBXSourcesBuildPhase;
			buildActionMask = 2147483647;
			files = (
				BCDE50681A0BFAA600918DDA /* MapKitViewController.swift in Sources */,
				BCDE50661A0BFAA600918DDA /* AppDelegate.swift in Sources */,
			);
			runOnlyForDeploymentPostprocessing = 0;
		};
		BCDE50711A0BFAA600918DDA /* Sources */ = {
			isa = PBXSourcesBuildPhase;
			buildActionMask = 2147483647;
			files = (
				BCDE507C1A0BFAA600918DDA /* MapKitChallengeTests.swift in Sources */,
			);
			runOnlyForDeploymentPostprocessing = 0;
		};
/* End PBXSourcesBuildPhase section */

/* Begin PBXTargetDependency section */
		BCDE50771A0BFAA600918DDA /* PBXTargetDependency */ = {
			isa = PBXTargetDependency;
			target = BCDE505F1A0BFAA600918DDA /* MapKitChallenge */;
			targetProxy = BCDE50761A0BFAA600918DDA /* PBXContainerItemProxy */;
		};
/* End PBXTargetDependency section */

/* Begin PBXVariantGroup section */
		BCDE50691A0BFAA600918DDA /* Main.storyboard */ = {
			isa = PBXVariantGroup;
			children = (
				BCDE506A1A0BFAA600918DDA /* Base */,
			);
			name = Main.storyboard;
			sourceTree = "<group>";
		};
		BCDE506E1A0BFAA600918DDA /* LaunchScreen.xib */ = {
			isa = PBXVariantGroup;
			children = (
				BCDE506F1A0BFAA600918DDA /* Base */,
			);
			name = LaunchScreen.xib;
			sourceTree = "<group>";
		};
/* End PBXVariantGroup section */

/* Begin XCBuildConfiguration section */
		BCDE507D1A0BFAA600918DDA /* Debug */ = {
			isa = XCBuildConfiguration;
			buildSettings = {
				ALWAYS_SEARCH_USER_PATHS = NO;
				CLANG_CXX_LANGUAGE_STANDARD = "gnu++0x";
				CLANG_CXX_LIBRARY = "libc++";
				CLANG_ENABLE_MODULES = YES;
				CLANG_ENABLE_OBJC_ARC = YES;
				CLANG_WARN_BOOL_CONVERSION = YES;
				CLANG_WARN_CONSTANT_CONVERSION = YES;
				CLANG_WARN_DIRECT_OBJC_ISA_USAGE = YES_ERROR;
				CLANG_WARN_EMPTY_BODY = YES;
				CLANG_WARN_ENUM_CONVERSION = YES;
				CLANG_WARN_INT_CONVERSION = YES;
				CLANG_WARN_OBJC_ROOT_CLASS = YES_ERROR;
				CLANG_WARN_UNREACHABLE_CODE = YES;
				CLANG_WARN__DUPLICATE_METHOD_MATCH = YES;
				"CODE_SIGN_IDENTITY[sdk=iphoneos*]" = "iPhone Developer";
				COPY_PHASE_STRIP = NO;
				ENABLE_STRICT_OBJC_MSGSEND = YES;
				GCC_C_LANGUAGE_STANDARD = gnu99;
				GCC_DYNAMIC_NO_PIC = NO;
				GCC_OPTIMIZATION_LEVEL = 0;
				GCC_PREPROCESSOR_DEFINITIONS = (
					"DEBUG=1",
					"$(inherited)",
				);
				GCC_SYMBOLS_PRIVATE_EXTERN = NO;
				GCC_WARN_64_TO_32_BIT_CONVERSION = YES;
				GCC_WARN_ABOUT_RETURN_TYPE = YES_ERROR;
				GCC_WARN_UNDECLARED_SELECTOR = YES;
				GCC_WARN_UNINITIALIZED_AUTOS = YES_AGGRESSIVE;
				GCC_WARN_UNUSED_FUNCTION = YES;
				GCC_WARN_UNUSED_VARIABLE = YES;
				IPHONEOS_DEPLOYMENT_TARGET = 8.0;
				MTL_ENABLE_DEBUG_INFO = YES;
				ONLY_ACTIVE_ARCH = YES;
				SDKROOT = iphoneos;
				SWIFT_OPTIMIZATION_LEVEL = "-Onone";
			};
			name = Debug;
		};
		BCDE507E1A0BFAA600918DDA /* Release */ = {
			isa = XCBuildConfiguration;
			buildSettings = {
				ALWAYS_SEARCH_USER_PATHS = NO;
				CLANG_CXX_LANGUAGE_STANDARD = "gnu++0x";
				CLANG_CXX_LIBRARY = "libc++";
				CLANG_ENABLE_MODULES = YES;
				CLANG_ENABLE_OBJC_ARC = YES;
				CLANG_WARN_BOOL_CONVERSION = YES;
				CLANG_WARN_CONSTANT_CONVERSION = YES;
				CLANG_WARN_DIRECT_OBJC_ISA_USAGE = YES_ERROR;
				CLANG_WARN_EMPTY_BODY = YES;
				CLANG_WARN_ENUM_CONVERSION = YES;
				CLANG_WARN_INT_CONVERSION = YES;
				CLANG_WARN_OBJC_ROOT_CLASS = YES_ERROR;
				CLANG_WARN_UNREACHABLE_CODE = YES;
				CLANG_WARN__DUPLICATE_METHOD_MATCH = YES;
				"CODE_SIGN_IDENTITY[sdk=iphoneos*]" = "iPhone Developer";
				COPY_PHASE_STRIP = YES;
				ENABLE_NS_ASSERTIONS = NO;
				ENABLE_STRICT_OBJC_MSGSEND = YES;
				GCC_C_LANGUAGE_STANDARD = gnu99;
				GCC_WARN_64_TO_32_BIT_CONVERSION = YES;
				GCC_WARN_ABOUT_RETURN_TYPE = YES_ERROR;
				GCC_WARN_UNDECLARED_SELECTOR = YES;
				GCC_WARN_UNINITIALIZED_AUTOS = YES_AGGRESSIVE;
				GCC_WARN_UNUSED_FUNCTION = YES;
				GCC_WARN_UNUSED_VARIABLE = YES;
				IPHONEOS_DEPLOYMENT_TARGET = 8.0;
				MTL_ENABLE_DEBUG_INFO = NO;
				SDKROOT = iphoneos;
				VALIDATE_PRODUCT = YES;
			};
			name = Release;
		};
		BCDE50801A0BFAA600918DDA /* Debug */ = {
			isa = XCBuildConfiguration;
			buildSettings = {
				ASSETCATALOG_COMPILER_APPICON_NAME = AppIcon;
				INFOPLIST_FILE = MapKitChallenge/Info.plist;
				LD_RUNPATH_SEARCH_PATHS = "$(inherited) @executable_path/Frameworks";
				PRODUCT_NAME = "$(TARGET_NAME)";
			};
			name = Debug;
		};
		BCDE50811A0BFAA600918DDA /* Release */ = {
			isa = XCBuildConfiguration;
			buildSettings = {
				ASSETCATALOG_COMPILER_APPICON_NAME = AppIcon;
				INFOPLIST_FILE = MapKitChallenge/Info.plist;
				LD_RUNPATH_SEARCH_PATHS = "$(inherited) @executable_path/Frameworks";
				PRODUCT_NAME = "$(TARGET_NAME)";
			};
			name = Release;
		};
		BCDE50831A0BFAA600918DDA /* Debug */ = {
			isa = XCBuildConfiguration;
			buildSettings = {
				BUNDLE_LOADER = "$(TEST_HOST)";
				FRAMEWORK_SEARCH_PATHS = (
					"$(SDKROOT)/Developer/Library/Frameworks",
					"$(inherited)",
				);
				GCC_PREPROCESSOR_DEFINITIONS = (
					"DEBUG=1",
					"$(inherited)",
				);
				INFOPLIST_FILE = MapKitChallengeTests/Info.plist;
				LD_RUNPATH_SEARCH_PATHS = "$(inherited) @executable_path/Frameworks @loader_path/Frameworks";
				PRODUCT_NAME = "$(TARGET_NAME)";
				TEST_HOST = "$(BUILT_PRODUCTS_DIR)/MapKitChallenge.app/MapKitChallenge";
			};
			name = Debug;
		};
		BCDE50841A0BFAA600918DDA /* Release */ = {
			isa = XCBuildConfiguration;
			buildSettings = {
				BUNDLE_LOADER = "$(TEST_HOST)";
				FRAMEWORK_SEARCH_PATHS = (
					"$(SDKROOT)/Developer/Library/Frameworks",
					"$(inherited)",
				);
				INFOPLIST_FILE = MapKitChallengeTests/Info.plist;
				LD_RUNPATH_SEARCH_PATHS = "$(inherited) @executable_path/Frameworks @loader_path/Frameworks";
				PRODUCT_NAME = "$(TARGET_NAME)";
				TEST_HOST = "$(BUILT_PRODUCTS_DIR)/MapKitChallenge.app/MapKitChallenge";
			};
			name = Release;
		};
/* End XCBuildConfiguration section */

/* Begin XCConfigurationList section */
		BCDE505B1A0BFAA600918DDA /* Build configuration list for PBXProject "MapKitChallenge" */ = {
			isa = XCConfigurationList;
			buildConfigurations = (
				BCDE507D1A0BFAA600918DDA /* Debug */,
				BCDE507E1A0BFAA600918DDA /* Release */,
			);
			defaultConfigurationIsVisible = 0;
			defaultConfigurationName = Release;
		};
		BCDE507F1A0BFAA600918DDA /* Build configuration list for PBXNativeTarget "MapKitChallenge" */ = {
			isa = XCConfigurationList;
			buildConfigurations = (
				BCDE50801A0BFAA600918DDA /* Debug */,
				BCDE50811A0BFAA600918DDA /* Release */,
			);
			defaultConfigurationIsVisible = 0;
		};
		BCDE50821A0BFAA600918DDA /* Build configuration list for PBXNativeTarget "MapKitChallengeTests" */ = {
			isa = XCConfigurationList;
			buildConfigurations = (
				BCDE50831A0BFAA600918DDA /* Debug */,
				BCDE50841A0BFAA600918DDA /* Release */,
			);
			defaultConfigurationIsVisible = 0;
		};
/* End XCConfigurationList section */
	};
	rootObject = BCDE50581A0BFAA600918DDA /* Project object */;
}
