// !$*UTF8*$!
{
	archiveVersion = 1;
	classes = {
	};
	objectVersion = 46;
	objects = {

/* Begin PBXBuildFile section */
		BCA142D41A0013E700B7D609 /* AppDelegate.swift in Sources */ = {isa = PBXBuildFile; fileRef = BCA142D31A0013E700B7D609 /* AppDelegate.swift */; };
		BCA142D61A0013E700B7D609 /* HistoryViewController.swift in Sources */ = {isa = PBXBuildFile; fileRef = BCA142D51A0013E700B7D609 /* HistoryViewController.swift */; };
		BCA142D81A0013E700B7D609 /* TopRatedViewController.swift in Sources */ = {isa = PBXBuildFile; fileRef = BCA142D71A0013E700B7D609 /* TopRatedViewController.swift */; };
		BCA142DB1A0013E700B7D609 /* Main.storyboard in Resources */ = {isa = PBXBuildFile; fileRef = BCA142D91A0013E700B7D609 /* Main.storyboard */; };
		BCA142DD1A0013E700B7D609 /* Images.xcassets in Resources */ = {isa = PBXBuildFile; fileRef = BCA142DC1A0013E700B7D609 /* Images.xcassets */; };
		BCA142E01A0013E700B7D609 /* LaunchScreen.xib in Resources */ = {isa = PBXBuildFile; fileRef = BCA142DE1A0013E700B7D609 /* LaunchScreen.xib */; };
		BCA142EC1A0013E800B7D609 /* TabbyExampleTests.swift in Sources */ = {isa = PBXBuildFile; fileRef = BCA142EB1A0013E800B7D609 /* TabbyExampleTests.swift */; };
		BCA142F61A00168D00B7D609 /* SearchViewController.swift in Sources */ = {isa = PBXBuildFile; fileRef = BCA142F51A00168D00B7D609 /* SearchViewController.swift */; };
		BCA142F81A01EBBC00B7D609 /* ConverterViewController.swift in Sources */ = {isa = PBXBuildFile; fileRef = BCA142F71A01EBBC00B7D609 /* ConverterViewController.swift */; };
/* End PBXBuildFile section */

/* Begin PBXContainerItemProxy section */
		BCA142E61A0013E800B7D609 /* PBXContainerItemProxy */ = {
			isa = PBXContainerItemProxy;
			containerPortal = BCA142C61A0013E700B7D609 /* Project object */;
			proxyType = 1;
			remoteGlobalIDString = BCA142CD1A0013E700B7D609;
			remoteInfo = TabbyExample;
		};
/* End PBXContainerItemProxy section */

/* Begin PBXFileReference section */
		BCA142CE1A0013E700B7D609 /* TabbyExample.app */ = {isa = PBXFileReference; explicitFileType = wrapper.application; includeInIndex = 0; path = TabbyExample.app; sourceTree = BUILT_PRODUCTS_DIR; };
		BCA142D21A0013E700B7D609 /* Info.plist */ = {isa = PBXFileReference; lastKnownFileType = text.plist.xml; path = Info.plist; sourceTree = "<group>"; };
		BCA142D31A0013E700B7D609 /* AppDelegate.swift */ = {isa = PBXFileReference; lastKnownFileType = sourcecode.swift; path = AppDelegate.swift; sourceTree = "<group>"; };
		BCA142D51A0013E700B7D609 /* HistoryViewController.swift */ = {isa = PBXFileReference; lastKnownFileType = sourcecode.swift; path = HistoryViewController.swift; sourceTree = "<group>"; };
		BCA142D71A0013E700B7D609 /* TopRatedViewController.swift */ = {isa = PBXFileReference; lastKnownFileType = sourcecode.swift; path = TopRatedViewController.swift; sourceTree = "<group>"; };
		BCA142DA1A0013E700B7D609 /* Base */ = {isa = PBXFileReference; lastKnownFileType = file.storyboard; name = Base; path = Base.lproj/Main.storyboard; sourceTree = "<group>"; };
		BCA142DC1A0013E700B7D609 /* Images.xcassets */ = {isa = PBXFileReference; lastKnownFileType = folder.assetcatalog; path = Images.xcassets; sourceTree = "<group>"; };
		BCA142DF1A0013E700B7D609 /* Base */ = {isa = PBXFileReference; lastKnownFileType = file.xib; name = Base; path = Base.lproj/LaunchScreen.xib; sourceTree = "<group>"; };
		BCA142E51A0013E800B7D609 /* TabbyExampleTests.xctest */ = {isa = PBXFileReference; explicitFileType = wrapper.cfbundle; includeInIndex = 0; path = TabbyExampleTests.xctest; sourceTree = BUILT_PRODUCTS_DIR; };
		BCA142EA1A0013E800B7D609 /* Info.plist */ = {isa = PBXFileReference; lastKnownFileType = text.plist.xml; path = Info.plist; sourceTree = "<group>"; };
		BCA142EB1A0013E800B7D609 /* TabbyExampleTests.swift */ = {isa = PBXFileReference; lastKnownFileType = sourcecode.swift; path = TabbyExampleTests.swift; sourceTree = "<group>"; };
		BCA142F51A00168D00B7D609 /* SearchViewController.swift */ = {isa = PBXFileReference; fileEncoding = 4; lastKnownFileType = sourcecode.swift; path = SearchViewController.swift; sourceTree = "<group>"; };
		BCA142F71A01EBBC00B7D609 /* ConverterViewController.swift */ = {isa = PBXFileReference; fileEncoding = 4; lastKnownFileType = sourcecode.swift; path = ConverterViewController.swift; sourceTree = "<group>"; };
/* End PBXFileReference section */

/* Begin PBXFrameworksBuildPhase section */
		BCA142CB1A0013E700B7D609 /* Frameworks */ = {
			isa = PBXFrameworksBuildPhase;
			buildActionMask = 2147483647;
			files = (
			);
			runOnlyForDeploymentPostprocessing = 0;
		};
		BCA142E21A0013E800B7D609 /* Frameworks */ = {
			isa = PBXFrameworksBuildPhase;
			buildActionMask = 2147483647;
			files = (
			);
			runOnlyForDeploymentPostprocessing = 0;
		};
/* End PBXFrameworksBuildPhase section */

/* Begin PBXGroup section */
		BCA142C51A0013E700B7D609 = {
			isa = PBXGroup;
			children = (
				BCA142D01A0013E700B7D609 /* TabbyExample */,
				BCA142E81A0013E800B7D609 /* TabbyExampleTests */,
				BCA142CF1A0013E700B7D609 /* Products */,
			);
			sourceTree = "<group>";
		};
		BCA142CF1A0013E700B7D609 /* Products */ = {
			isa = PBXGroup;
			children = (
				BCA142CE1A0013E700B7D609 /* TabbyExample.app */,
				BCA142E51A0013E800B7D609 /* TabbyExampleTests.xctest */,
			);
			name = Products;
			sourceTree = "<group>";
		};
		BCA142D01A0013E700B7D609 /* TabbyExample */ = {
			isa = PBXGroup;
			children = (
				BCA142D31A0013E700B7D609 /* AppDelegate.swift */,
				BCA142D51A0013E700B7D609 /* HistoryViewController.swift */,
				BCA142F71A01EBBC00B7D609 /* ConverterViewController.swift */,
				BCA142D71A0013E700B7D609 /* TopRatedViewController.swift */,
				BCA142F51A00168D00B7D609 /* SearchViewController.swift */,
				BCA142D91A0013E700B7D609 /* Main.storyboard */,
				BCA142DC1A0013E700B7D609 /* Images.xcassets */,
				BCA142DE1A0013E700B7D609 /* LaunchScreen.xib */,
				BCA142D11A0013E700B7D609 /* Supporting Files */,
			);
			path = TabbyExample;
			sourceTree = "<group>";
		};
		BCA142D11A0013E700B7D609 /* Supporting Files */ = {
			isa = PBXGroup;
			children = (
				BCA142D21A0013E700B7D609 /* Info.plist */,
			);
			name = "Supporting Files";
			sourceTree = "<group>";
		};
		BCA142E81A0013E800B7D609 /* TabbyExampleTests */ = {
			isa = PBXGroup;
			children = (
				BCA142EB1A0013E800B7D609 /* TabbyExampleTests.swift */,
				BCA142E91A0013E800B7D609 /* Supporting Files */,
			);
			path = TabbyExampleTests;
			sourceTree = "<group>";
		};
		BCA142E91A0013E800B7D609 /* Supporting Files */ = {
			isa = PBXGroup;
			children = (
				BCA142EA1A0013E800B7D609 /* Info.plist */,
			);
			name = "Supporting Files";
			sourceTree = "<group>";
		};
/* End PBXGroup section */

/* Begin PBXNativeTarget section */
		BCA142CD1A0013E700B7D609 /* TabbyExample */ = {
			isa = PBXNativeTarget;
			buildConfigurationList = BCA142EF1A0013E800B7D609 /* Build configuration list for PBXNativeTarget "TabbyExample" */;
			buildPhases = (
				BCA142CA1A0013E700B7D609 /* Sources */,
				BCA142CB1A0013E700B7D609 /* Frameworks */,
				BCA142CC1A0013E700B7D609 /* Resources */,
			);
			buildRules = (
			);
			dependencies = (
			);
			name = TabbyExample;
			productName = TabbyExample;
			productReference = BCA142CE1A0013E700B7D609 /* TabbyExample.app */;
			productType = "com.apple.product-type.application";
		};
		BCA142E41A0013E800B7D609 /* TabbyExampleTests */ = {
			isa = PBXNativeTarget;
			buildConfigurationList = BCA142F21A0013E800B7D609 /* Build configuration list for PBXNativeTarget "TabbyExampleTests" */;
			buildPhases = (
				BCA142E11A0013E800B7D609 /* Sources */,
				BCA142E21A0013E800B7D609 /* Frameworks */,
				BCA142E31A0013E800B7D609 /* Resources */,
			);
			buildRules = (
			);
			dependencies = (
				BCA142E71A0013E800B7D609 /* PBXTargetDependency */,
			);
			name = TabbyExampleTests;
			productName = TabbyExampleTests;
			productReference = BCA142E51A0013E800B7D609 /* TabbyExampleTests.xctest */;
			productType = "com.apple.product-type.bundle.unit-test";
		};
/* End PBXNativeTarget section */

/* Begin PBXProject section */
		BCA142C61A0013E700B7D609 /* Project object */ = {
			isa = PBXProject;
			attributes = {
				LastUpgradeCheck = 0600;
				ORGANIZATIONNAME = "Tyron Allen";
				TargetAttributes = {
					BCA142CD1A0013E700B7D609 = {
						CreatedOnToolsVersion = 6.0;
					};
					BCA142E41A0013E800B7D609 = {
						CreatedOnToolsVersion = 6.0;
						TestTargetID = BCA142CD1A0013E700B7D609;
					};
				};
			};
			buildConfigurationList = BCA142C91A0013E700B7D609 /* Build configuration list for PBXProject "TabbyExample" */;
			compatibilityVersion = "Xcode 3.2";
			developmentRegion = English;
			hasScannedForEncodings = 0;
			knownRegions = (
				en,
				Base,
			);
			mainGroup = BCA142C51A0013E700B7D609;
			productRefGroup = BCA142CF1A0013E700B7D609 /* Products */;
			projectDirPath = "";
			projectRoot = "";
			targets = (
				BCA142CD1A0013E700B7D609 /* TabbyExample */,
				BCA142E41A0013E800B7D609 /* TabbyExampleTests */,
			);
		};
/* End PBXProject section */

/* Begin PBXResourcesBuildPhase section */
		BCA142CC1A0013E700B7D609 /* Resources */ = {
			isa = PBXResourcesBuildPhase;
			buildActionMask = 2147483647;
			files = (
				BCA142DB1A0013E700B7D609 /* Main.storyboard in Resources */,
				BCA142E01A0013E700B7D609 /* LaunchScreen.xib in Resources */,
				BCA142DD1A0013E700B7D609 /* Images.xcassets in Resources */,
			);
			runOnlyForDeploymentPostprocessing = 0;
		};
		BCA142E31A0013E800B7D609 /* Resources */ = {
			isa = PBXResourcesBuildPhase;
			buildActionMask = 2147483647;
			files = (
			);
			runOnlyForDeploymentPostprocessing = 0;
		};
/* End PBXResourcesBuildPhase section */

/* Begin PBXSourcesBuildPhase section */
		BCA142CA1A0013E700B7D609 /* Sources */ = {
			isa = PBXSourcesBuildPhase;
			buildActionMask = 2147483647;
			files = (
				BCA142D81A0013E700B7D609 /* TopRatedViewController.swift in Sources */,
				BCA142D41A0013E700B7D609 /* AppDelegate.swift in Sources */,
				BCA142F61A00168D00B7D609 /* SearchViewController.swift in Sources */,
				BCA142D61A0013E700B7D609 /* HistoryViewController.swift in Sources */,
				BCA142F81A01EBBC00B7D609 /* ConverterViewController.swift in Sources */,
			);
			runOnlyForDeploymentPostprocessing = 0;
		};
		BCA142E11A0013E800B7D609 /* Sources */ = {
			isa = PBXSourcesBuildPhase;
			buildActionMask = 2147483647;
			files = (
				BCA142EC1A0013E800B7D609 /* TabbyExampleTests.swift in Sources */,
			);
			runOnlyForDeploymentPostprocessing = 0;
		};
/* End PBXSourcesBuildPhase section */

/* Begin PBXTargetDependency section */
		BCA142E71A0013E800B7D609 /* PBXTargetDependency */ = {
			isa = PBXTargetDependency;
			target = BCA142CD1A0013E700B7D609 /* TabbyExample */;
			targetProxy = BCA142E61A0013E800B7D609 /* PBXContainerItemProxy */;
		};
/* End PBXTargetDependency section */

/* Begin PBXVariantGroup section */
		BCA142D91A0013E700B7D609 /* Main.storyboard */ = {
			isa = PBXVariantGroup;
			children = (
				BCA142DA1A0013E700B7D609 /* Base */,
			);
			name = Main.storyboard;
			sourceTree = "<group>";
		};
		BCA142DE1A0013E700B7D609 /* LaunchScreen.xib */ = {
			isa = PBXVariantGroup;
			children = (
				BCA142DF1A0013E700B7D609 /* Base */,
			);
			name = LaunchScreen.xib;
			sourceTree = "<group>";
		};
/* End PBXVariantGroup section */

/* Begin XCBuildConfiguration section */
		BCA142ED1A0013E800B7D609 /* Debug */ = {
			isa = XCBuildConfiguration;
			buildSettings = {
				ALWAYS_SEARCH_USER_PATHS = NO;
				CLANG_CXX_LANGUAGE_STANDARD = "gnu++0x";
				CLANG_CXX_LIBRARY = "libc++";
				CLANG_ENABLE_MODULES = YES;
				CLANG_ENABLE_OBJC_ARC = YES;
				CLANG_WARN_BOOL_CONVERSION = YES;
				CLANG_WARN_CONSTANT_CONVERSION = YES;
				CLANG_WARN_DIRECT_OBJC_ISA_USAGE = YES_ERROR;
				CLANG_WARN_EMPTY_BODY = YES;
				CLANG_WARN_ENUM_CONVERSION = YES;
				CLANG_WARN_INT_CONVERSION = YES;
				CLANG_WARN_OBJC_ROOT_CLASS = YES_ERROR;
				CLANG_WARN_UNREACHABLE_CODE = YES;
				CLANG_WARN__DUPLICATE_METHOD_MATCH = YES;
				"CODE_SIGN_IDENTITY[sdk=iphoneos*]" = "iPhone Developer";
				COPY_PHASE_STRIP = NO;
				ENABLE_STRICT_OBJC_MSGSEND = YES;
				GCC_C_LANGUAGE_STANDARD = gnu99;
				GCC_DYNAMIC_NO_PIC = NO;
				GCC_OPTIMIZATION_LEVEL = 0;
				GCC_PREPROCESSOR_DEFINITIONS = (
					"DEBUG=1",
					"$(inherited)",
				);
				GCC_SYMBOLS_PRIVATE_EXTERN = NO;
				GCC_WARN_64_TO_32_BIT_CONVERSION = YES;
				GCC_WARN_ABOUT_RETURN_TYPE = YES_ERROR;
				GCC_WARN_UNDECLARED_SELECTOR = YES;
				GCC_WARN_UNINITIALIZED_AUTOS = YES_AGGRESSIVE;
				GCC_WARN_UNUSED_FUNCTION = YES;
				GCC_WARN_UNUSED_VARIABLE = YES;
				IPHONEOS_DEPLOYMENT_TARGET = 8.0;
				MTL_ENABLE_DEBUG_INFO = YES;
				ONLY_ACTIVE_ARCH = YES;
				SDKROOT = iphoneos;
				SWIFT_OPTIMIZATION_LEVEL = "-Onone";
			};
			name = Debug;
		};
		BCA142EE1A0013E800B7D609 /* Release */ = {
			isa = XCBuildConfiguration;
			buildSettings = {
				ALWAYS_SEARCH_USER_PATHS = NO;
				CLANG_CXX_LANGUAGE_STANDARD = "gnu++0x";
				CLANG_CXX_LIBRARY = "libc++";
				CLANG_ENABLE_MODULES = YES;
				CLANG_ENABLE_OBJC_ARC = YES;
				CLANG_WARN_BOOL_CONVERSION = YES;
				CLANG_WARN_CONSTANT_CONVERSION = YES;
				CLANG_WARN_DIRECT_OBJC_ISA_USAGE = YES_ERROR;
				CLANG_WARN_EMPTY_BODY = YES;
				CLANG_WARN_ENUM_CONVERSION = YES;
				CLANG_WARN_INT_CONVERSION = YES;
				CLANG_WARN_OBJC_ROOT_CLASS = YES_ERROR;
				CLANG_WARN_UNREACHABLE_CODE = YES;
				CLANG_WARN__DUPLICATE_METHOD_MATCH = YES;
				"CODE_SIGN_IDENTITY[sdk=iphoneos*]" = "iPhone Developer";
				COPY_PHASE_STRIP = YES;
				ENABLE_NS_ASSERTIONS = NO;
				ENABLE_STRICT_OBJC_MSGSEND = YES;
				GCC_C_LANGUAGE_STANDARD = gnu99;
				GCC_WARN_64_TO_32_BIT_CONVERSION = YES;
				GCC_WARN_ABOUT_RETURN_TYPE = YES_ERROR;
				GCC_WARN_UNDECLARED_SELECTOR = YES;
				GCC_WARN_UNINITIALIZED_AUTOS = YES_AGGRESSIVE;
				GCC_WARN_UNUSED_FUNCTION = YES;
				GCC_WARN_UNUSED_VARIABLE = YES;
				IPHONEOS_DEPLOYMENT_TARGET = 8.0;
				MTL_ENABLE_DEBUG_INFO = NO;
				SDKROOT = iphoneos;
				VALIDATE_PRODUCT = YES;
			};
			name = Release;
		};
		BCA142F01A0013E800B7D609 /* Debug */ = {
			isa = XCBuildConfiguration;
			buildSettings = {
				ASSETCATALOG_COMPILER_APPICON_NAME = AppIcon;
				INFOPLIST_FILE = TabbyExample/Info.plist;
				LD_RUNPATH_SEARCH_PATHS = "$(inherited) @executable_path/Frameworks";
				PRODUCT_NAME = "$(TARGET_NAME)";
			};
			name = Debug;
		};
		BCA142F11A0013E800B7D609 /* Release */ = {
			isa = XCBuildConfiguration;
			buildSettings = {
				ASSETCATALOG_COMPILER_APPICON_NAME = AppIcon;
				INFOPLIST_FILE = TabbyExample/Info.plist;
				LD_RUNPATH_SEARCH_PATHS = "$(inherited) @executable_path/Frameworks";
				PRODUCT_NAME = "$(TARGET_NAME)";
			};
			name = Release;
		};
		BCA142F31A0013E800B7D609 /* Debug */ = {
			isa = XCBuildConfiguration;
			buildSettings = {
				BUNDLE_LOADER = "$(TEST_HOST)";
				FRAMEWORK_SEARCH_PATHS = (
					"$(SDKROOT)/Developer/Library/Frameworks",
					"$(inherited)",
				);
				GCC_PREPROCESSOR_DEFINITIONS = (
					"DEBUG=1",
					"$(inherited)",
				);
				INFOPLIST_FILE = TabbyExampleTests/Info.plist;
				LD_RUNPATH_SEARCH_PATHS = "$(inherited) @executable_path/Frameworks @loader_path/Frameworks";
				PRODUCT_NAME = "$(TARGET_NAME)";
				TEST_HOST = "$(BUILT_PRODUCTS_DIR)/TabbyExample.app/TabbyExample";
			};
			name = Debug;
		};
		BCA142F41A0013E800B7D609 /* Release */ = {
			isa = XCBuildConfiguration;
			buildSettings = {
				BUNDLE_LOADER = "$(TEST_HOST)";
				FRAMEWORK_SEARCH_PATHS = (
					"$(SDKROOT)/Developer/Library/Frameworks",
					"$(inherited)",
				);
				INFOPLIST_FILE = TabbyExampleTests/Info.plist;
				LD_RUNPATH_SEARCH_PATHS = "$(inherited) @executable_path/Frameworks @loader_path/Frameworks";
				PRODUCT_NAME = "$(TARGET_NAME)";
				TEST_HOST = "$(BUILT_PRODUCTS_DIR)/TabbyExample.app/TabbyExample";
			};
			name = Release;
		};
/* End XCBuildConfiguration section */

/* Begin XCConfigurationList section */
		BCA142C91A0013E700B7D609 /* Build configuration list for PBXProject "TabbyExample" */ = {
			isa = XCConfigurationList;
			buildConfigurations = (
				BCA142ED1A0013E800B7D609 /* Debug */,
				BCA142EE1A0013E800B7D609 /* Release */,
			);
			defaultConfigurationIsVisible = 0;
			defaultConfigurationName = Release;
		};
		BCA142EF1A0013E800B7D609 /* Build configuration list for PBXNativeTarget "TabbyExample" */ = {
			isa = XCConfigurationList;
			buildConfigurations = (
				BCA142F01A0013E800B7D609 /* Debug */,
				BCA142F11A0013E800B7D609 /* Release */,
			);
			defaultConfigurationIsVisible = 0;
		};
		BCA142F21A0013E800B7D609 /* Build configuration list for PBXNativeTarget "TabbyExampleTests" */ = {
			isa = XCConfigurationList;
			buildConfigurations = (
				BCA142F31A0013E800B7D609 /* Debug */,
				BCA142F41A0013E800B7D609 /* Release */,
			);
			defaultConfigurationIsVisible = 0;
		};
/* End XCConfigurationList section */
	};
	rootObject = BCA142C61A0013E700B7D609 /* Project object */;
}
