// !$*UTF8*$!
{
	archiveVersion = 1;
	classes = {
	};
	objectVersion = 46;
	objects = {

/* Begin PBXBuildFile section */
		BC5479AA19D1E71E00939AD0 /* main.m in Sources */ = {isa = PBXBuildFile; fileRef = BC5479A919D1E71E00939AD0 /* main.m */; };
		BC5479AD19D1E71E00939AD0 /* AppDelegate.m in Sources */ = {isa = PBXBuildFile; fileRef = BC5479AC19D1E71E00939AD0 /* AppDelegate.m */; };
		BC5479B019D1E71E00939AD0 /* ViewController.m in Sources */ = {isa = PBXBuildFile; fileRef = BC5479AF19D1E71E00939AD0 /* ViewController.m */; };
		BC5479B319D1E71E00939AD0 /* Main.storyboard in Resources */ = {isa = PBXBuildFile; fileRef = BC5479B119D1E71E00939AD0 /* Main.storyboard */; };
		BC5479B519D1E71E00939AD0 /* Images.xcassets in Resources */ = {isa = PBXBuildFile; fileRef = BC5479B419D1E71E00939AD0 /* Images.xcassets */; };
		BC5479B819D1E71E00939AD0 /* LaunchScreen.xib in Resources */ = {isa = PBXBuildFile; fileRef = BC5479B619D1E71E00939AD0 /* LaunchScreen.xib */; };
		BC5479C419D1E71F00939AD0 /* Objective_C_101Tests.m in Sources */ = {isa = PBXBuildFile; fileRef = BC5479C319D1E71F00939AD0 /* Objective_C_101Tests.m */; };
/* End PBXBuildFile section */

/* Begin PBXContainerItemProxy section */
		BC5479BE19D1E71F00939AD0 /* PBXContainerItemProxy */ = {
			isa = PBXContainerItemProxy;
			containerPortal = BC54799C19D1E71E00939AD0 /* Project object */;
			proxyType = 1;
			remoteGlobalIDString = BC5479A319D1E71E00939AD0;
			remoteInfo = "Objective-C 101";
		};
/* End PBXContainerItemProxy section */

/* Begin PBXFileReference section */
		BC5479A419D1E71E00939AD0 /* Objective-C 101.app */ = {isa = PBXFileReference; explicitFileType = wrapper.application; includeInIndex = 0; path = "Objective-C 101.app"; sourceTree = BUILT_PRODUCTS_DIR; };
		BC5479A819D1E71E00939AD0 /* Info.plist */ = {isa = PBXFileReference; lastKnownFileType = text.plist.xml; path = Info.plist; sourceTree = "<group>"; };
		BC5479A919D1E71E00939AD0 /* main.m */ = {isa = PBXFileReference; lastKnownFileType = sourcecode.c.objc; path = main.m; sourceTree = "<group>"; };
		BC5479AB19D1E71E00939AD0 /* AppDelegate.h */ = {isa = PBXFileReference; lastKnownFileType = sourcecode.c.h; path = AppDelegate.h; sourceTree = "<group>"; };
		BC5479AC19D1E71E00939AD0 /* AppDelegate.m */ = {isa = PBXFileReference; lastKnownFileType = sourcecode.c.objc; path = AppDelegate.m; sourceTree = "<group>"; };
		BC5479AE19D1E71E00939AD0 /* ViewController.h */ = {isa = PBXFileReference; lastKnownFileType = sourcecode.c.h; path = ViewController.h; sourceTree = "<group>"; };
		BC5479AF19D1E71E00939AD0 /* ViewController.m */ = {isa = PBXFileReference; lastKnownFileType = sourcecode.c.objc; path = ViewController.m; sourceTree = "<group>"; };
		BC5479B219D1E71E00939AD0 /* Base */ = {isa = PBXFileReference; lastKnownFileType = file.storyboard; name = Base; path = Base.lproj/Main.storyboard; sourceTree = "<group>"; };
		BC5479B419D1E71E00939AD0 /* Images.xcassets */ = {isa = PBXFileReference; lastKnownFileType = folder.assetcatalog; path = Images.xcassets; sourceTree = "<group>"; };
		BC5479B719D1E71E00939AD0 /* Base */ = {isa = PBXFileReference; lastKnownFileType = file.xib; name = Base; path = Base.lproj/LaunchScreen.xib; sourceTree = "<group>"; };
		BC5479BD19D1E71F00939AD0 /* Objective-C 101Tests.xctest */ = {isa = PBXFileReference; explicitFileType = wrapper.cfbundle; includeInIndex = 0; path = "Objective-C 101Tests.xctest"; sourceTree = BUILT_PRODUCTS_DIR; };
		BC5479C219D1E71F00939AD0 /* Info.plist */ = {isa = PBXFileReference; lastKnownFileType = text.plist.xml; path = Info.plist; sourceTree = "<group>"; };
		BC5479C319D1E71F00939AD0 /* Objective_C_101Tests.m */ = {isa = PBXFileReference; lastKnownFileType = sourcecode.c.objc; path = Objective_C_101Tests.m; sourceTree = "<group>"; };
/* End PBXFileReference section */

/* Begin PBXFrameworksBuildPhase section */
		BC5479A119D1E71E00939AD0 /* Frameworks */ = {
			isa = PBXFrameworksBuildPhase;
			buildActionMask = 2147483647;
			files = (
			);
			runOnlyForDeploymentPostprocessing = 0;
		};
		BC5479BA19D1E71F00939AD0 /* Frameworks */ = {
			isa = PBXFrameworksBuildPhase;
			buildActionMask = 2147483647;
			files = (
			);
			runOnlyForDeploymentPostprocessing = 0;
		};
/* End PBXFrameworksBuildPhase section */

/* Begin PBXGroup section */
		BC54799B19D1E71E00939AD0 = {
			isa = PBXGroup;
			children = (
				BC5479A619D1E71E00939AD0 /* Objective-C 101 */,
				BC5479C019D1E71F00939AD0 /* Objective-C 101Tests */,
				BC5479A519D1E71E00939AD0 /* Products */,
			);
			sourceTree = "<group>";
		};
		BC5479A519D1E71E00939AD0 /* Products */ = {
			isa = PBXGroup;
			children = (
				BC5479A419D1E71E00939AD0 /* Objective-C 101.app */,
				BC5479BD19D1E71F00939AD0 /* Objective-C 101Tests.xctest */,
			);
			name = Products;
			sourceTree = "<group>";
		};
		BC5479A619D1E71E00939AD0 /* Objective-C 101 */ = {
			isa = PBXGroup;
			children = (
				BC5479AB19D1E71E00939AD0 /* AppDelegate.h */,
				BC5479AC19D1E71E00939AD0 /* AppDelegate.m */,
				BC5479AE19D1E71E00939AD0 /* ViewController.h */,
				BC5479AF19D1E71E00939AD0 /* ViewController.m */,
				BC5479B119D1E71E00939AD0 /* Main.storyboard */,
				BC5479B419D1E71E00939AD0 /* Images.xcassets */,
				BC5479B619D1E71E00939AD0 /* LaunchScreen.xib */,
				BC5479A719D1E71E00939AD0 /* Supporting Files */,
			);
			path = "Objective-C 101";
			sourceTree = "<group>";
		};
		BC5479A719D1E71E00939AD0 /* Supporting Files */ = {
			isa = PBXGroup;
			children = (
				BC5479A819D1E71E00939AD0 /* Info.plist */,
				BC5479A919D1E71E00939AD0 /* main.m */,
			);
			name = "Supporting Files";
			sourceTree = "<group>";
		};
		BC5479C019D1E71F00939AD0 /* Objective-C 101Tests */ = {
			isa = PBXGroup;
			children = (
				BC5479C319D1E71F00939AD0 /* Objective_C_101Tests.m */,
				BC5479C119D1E71F00939AD0 /* Supporting Files */,
			);
			path = "Objective-C 101Tests";
			sourceTree = "<group>";
		};
		BC5479C119D1E71F00939AD0 /* Supporting Files */ = {
			isa = PBXGroup;
			children = (
				BC5479C219D1E71F00939AD0 /* Info.plist */,
			);
			name = "Supporting Files";
			sourceTree = "<group>";
		};
/* End PBXGroup section */

/* Begin PBXNativeTarget section */
		BC5479A319D1E71E00939AD0 /* Objective-C 101 */ = {
			isa = PBXNativeTarget;
			buildConfigurationList = BC5479C719D1E71F00939AD0 /* Build configuration list for PBXNativeTarget "Objective-C 101" */;
			buildPhases = (
				BC5479A019D1E71E00939AD0 /* Sources */,
				BC5479A119D1E71E00939AD0 /* Frameworks */,
				BC5479A219D1E71E00939AD0 /* Resources */,
			);
			buildRules = (
			);
			dependencies = (
			);
			name = "Objective-C 101";
			productName = "Objective-C 101";
			productReference = BC5479A419D1E71E00939AD0 /* Objective-C 101.app */;
			productType = "com.apple.product-type.application";
		};
		BC5479BC19D1E71F00939AD0 /* Objective-C 101Tests */ = {
			isa = PBXNativeTarget;
			buildConfigurationList = BC5479CA19D1E71F00939AD0 /* Build configuration list for PBXNativeTarget "Objective-C 101Tests" */;
			buildPhases = (
				BC5479B919D1E71F00939AD0 /* Sources */,
				BC5479BA19D1E71F00939AD0 /* Frameworks */,
				BC5479BB19D1E71F00939AD0 /* Resources */,
			);
			buildRules = (
			);
			dependencies = (
				BC5479BF19D1E71F00939AD0 /* PBXTargetDependency */,
			);
			name = "Objective-C 101Tests";
			productName = "Objective-C 101Tests";
			productReference = BC5479BD19D1E71F00939AD0 /* Objective-C 101Tests.xctest */;
			productType = "com.apple.product-type.bundle.unit-test";
		};
/* End PBXNativeTarget section */

/* Begin PBXProject section */
		BC54799C19D1E71E00939AD0 /* Project object */ = {
			isa = PBXProject;
			attributes = {
				LastUpgradeCheck = 0600;
				ORGANIZATIONNAME = "Tyron Allen";
				TargetAttributes = {
					BC5479A319D1E71E00939AD0 = {
						CreatedOnToolsVersion = 6.0;
					};
					BC5479BC19D1E71F00939AD0 = {
						CreatedOnToolsVersion = 6.0;
						TestTargetID = BC5479A319D1E71E00939AD0;
					};
				};
			};
			buildConfigurationList = BC54799F19D1E71E00939AD0 /* Build configuration list for PBXProject "Objective-C 101" */;
			compatibilityVersion = "Xcode 3.2";
			developmentRegion = English;
			hasScannedForEncodings = 0;
			knownRegions = (
				en,
				Base,
			);
			mainGroup = BC54799B19D1E71E00939AD0;
			productRefGroup = BC5479A519D1E71E00939AD0 /* Products */;
			projectDirPath = "";
			projectRoot = "";
			targets = (
				BC5479A319D1E71E00939AD0 /* Objective-C 101 */,
				BC5479BC19D1E71F00939AD0 /* Objective-C 101Tests */,
			);
		};
/* End PBXProject section */

/* Begin PBXResourcesBuildPhase section */
		BC5479A219D1E71E00939AD0 /* Resources */ = {
			isa = PBXResourcesBuildPhase;
			buildActionMask = 2147483647;
			files = (
				BC5479B319D1E71E00939AD0 /* Main.storyboard in Resources */,
				BC5479B819D1E71E00939AD0 /* LaunchScreen.xib in Resources */,
				BC5479B519D1E71E00939AD0 /* Images.xcassets in Resources */,
			);
			runOnlyForDeploymentPostprocessing = 0;
		};
		BC5479BB19D1E71F00939AD0 /* Resources */ = {
			isa = PBXResourcesBuildPhase;
			buildActionMask = 2147483647;
			files = (
			);
			runOnlyForDeploymentPostprocessing = 0;
		};
/* End PBXResourcesBuildPhase section */

/* Begin PBXSourcesBuildPhase section */
		BC5479A019D1E71E00939AD0 /* Sources */ = {
			isa = PBXSourcesBuildPhase;
			buildActionMask = 2147483647;
			files = (
				BC5479B019D1E71E00939AD0 /* ViewController.m in Sources */,
				BC5479AD19D1E71E00939AD0 /* AppDelegate.m in Sources */,
				BC5479AA19D1E71E00939AD0 /* main.m in Sources */,
			);
			runOnlyForDeploymentPostprocessing = 0;
		};
		BC5479B919D1E71F00939AD0 /* Sources */ = {
			isa = PBXSourcesBuildPhase;
			buildActionMask = 2147483647;
			files = (
				BC5479C419D1E71F00939AD0 /* Objective_C_101Tests.m in Sources */,
			);
			runOnlyForDeploymentPostprocessing = 0;
		};
/* End PBXSourcesBuildPhase section */

/* Begin PBXTargetDependency section */
		BC5479BF19D1E71F00939AD0 /* PBXTargetDependency */ = {
			isa = PBXTargetDependency;
			target = BC5479A319D1E71E00939AD0 /* Objective-C 101 */;
			targetProxy = BC5479BE19D1E71F00939AD0 /* PBXContainerItemProxy */;
		};
/* End PBXTargetDependency section */

/* Begin PBXVariantGroup section */
		BC5479B119D1E71E00939AD0 /* Main.storyboard */ = {
			isa = PBXVariantGroup;
			children = (
				BC5479B219D1E71E00939AD0 /* Base */,
			);
			name = Main.storyboard;
			sourceTree = "<group>";
		};
		BC5479B619D1E71E00939AD0 /* LaunchScreen.xib */ = {
			isa = PBXVariantGroup;
			children = (
				BC5479B719D1E71E00939AD0 /* Base */,
			);
			name = LaunchScreen.xib;
			sourceTree = "<group>";
		};
/* End PBXVariantGroup section */

/* Begin XCBuildConfiguration section */
		BC5479C519D1E71F00939AD0 /* Debug */ = {
			isa = XCBuildConfiguration;
			buildSettings = {
				ALWAYS_SEARCH_USER_PATHS = NO;
				CLANG_CXX_LANGUAGE_STANDARD = "gnu++0x";
				CLANG_CXX_LIBRARY = "libc++";
				CLANG_ENABLE_MODULES = YES;
				CLANG_ENABLE_OBJC_ARC = YES;
				CLANG_WARN_BOOL_CONVERSION = YES;
				CLANG_WARN_CONSTANT_CONVERSION = YES;
				CLANG_WARN_DIRECT_OBJC_ISA_USAGE = YES_ERROR;
				CLANG_WARN_EMPTY_BODY = YES;
				CLANG_WARN_ENUM_CONVERSION = YES;
				CLANG_WARN_INT_CONVERSION = YES;
				CLANG_WARN_OBJC_ROOT_CLASS = YES_ERROR;
				CLANG_WARN_UNREACHABLE_CODE = YES;
				CLANG_WARN__DUPLICATE_METHOD_MATCH = YES;
				"CODE_SIGN_IDENTITY[sdk=iphoneos*]" = "iPhone Developer";
				COPY_PHASE_STRIP = NO;
				ENABLE_STRICT_OBJC_MSGSEND = YES;
				GCC_C_LANGUAGE_STANDARD = gnu99;
				GCC_DYNAMIC_NO_PIC = NO;
				GCC_OPTIMIZATION_LEVEL = 0;
				GCC_PREPROCESSOR_DEFINITIONS = (
					"DEBUG=1",
					"$(inherited)",
				);
				GCC_SYMBOLS_PRIVATE_EXTERN = NO;
				GCC_WARN_64_TO_32_BIT_CONVERSION = YES;
				GCC_WARN_ABOUT_RETURN_TYPE = YES_ERROR;
				GCC_WARN_UNDECLARED_SELECTOR = YES;
				GCC_WARN_UNINITIALIZED_AUTOS = YES_AGGRESSIVE;
				GCC_WARN_UNUSED_FUNCTION = YES;
				GCC_WARN_UNUSED_VARIABLE = YES;
				IPHONEOS_DEPLOYMENT_TARGET = 8.0;
				MTL_ENABLE_DEBUG_INFO = YES;
				ONLY_ACTIVE_ARCH = YES;
				SDKROOT = iphoneos;
			};
			name = Debug;
		};
		BC5479C619D1E71F00939AD0 /* Release */ = {
			isa = XCBuildConfiguration;
			buildSettings = {
				ALWAYS_SEARCH_USER_PATHS = NO;
				CLANG_CXX_LANGUAGE_STANDARD = "gnu++0x";
				CLANG_CXX_LIBRARY = "libc++";
				CLANG_ENABLE_MODULES = YES;
				CLANG_ENABLE_OBJC_ARC = YES;
				CLANG_WARN_BOOL_CONVERSION = YES;
				CLANG_WARN_CONSTANT_CONVERSION = YES;
				CLANG_WARN_DIRECT_OBJC_ISA_USAGE = YES_ERROR;
				CLANG_WARN_EMPTY_BODY = YES;
				CLANG_WARN_ENUM_CONVERSION = YES;
				CLANG_WARN_INT_CONVERSION = YES;
				CLANG_WARN_OBJC_ROOT_CLASS = YES_ERROR;
				CLANG_WARN_UNREACHABLE_CODE = YES;
				CLANG_WARN__DUPLICATE_METHOD_MATCH = YES;
				"CODE_SIGN_IDENTITY[sdk=iphoneos*]" = "iPhone Developer";
				COPY_PHASE_STRIP = YES;
				ENABLE_NS_ASSERTIONS = NO;
				ENABLE_STRICT_OBJC_MSGSEND = YES;
				GCC_C_LANGUAGE_STANDARD = gnu99;
				GCC_WARN_64_TO_32_BIT_CONVERSION = YES;
				GCC_WARN_ABOUT_RETURN_TYPE = YES_ERROR;
				GCC_WARN_UNDECLARED_SELECTOR = YES;
				GCC_WARN_UNINITIALIZED_AUTOS = YES_AGGRESSIVE;
				GCC_WARN_UNUSED_FUNCTION = YES;
				GCC_WARN_UNUSED_VARIABLE = YES;
				IPHONEOS_DEPLOYMENT_TARGET = 8.0;
				MTL_ENABLE_DEBUG_INFO = NO;
				SDKROOT = iphoneos;
				VALIDATE_PRODUCT = YES;
			};
			name = Release;
		};
		BC5479C819D1E71F00939AD0 /* Debug */ = {
			isa = XCBuildConfiguration;
			buildSettings = {
				ASSETCATALOG_COMPILER_APPICON_NAME = AppIcon;
				INFOPLIST_FILE = "Objective-C 101/Info.plist";
				IPHONEOS_DEPLOYMENT_TARGET = 8.0;
				LD_RUNPATH_SEARCH_PATHS = "$(inherited) @executable_path/Frameworks";
				PRODUCT_NAME = "$(TARGET_NAME)";
			};
			name = Debug;
		};
		BC5479C919D1E71F00939AD0 /* Release */ = {
			isa = XCBuildConfiguration;
			buildSettings = {
				ASSETCATALOG_COMPILER_APPICON_NAME = AppIcon;
				INFOPLIST_FILE = "Objective-C 101/Info.plist";
				IPHONEOS_DEPLOYMENT_TARGET = 8.0;
				LD_RUNPATH_SEARCH_PATHS = "$(inherited) @executable_path/Frameworks";
				PRODUCT_NAME = "$(TARGET_NAME)";
			};
			name = Release;
		};
		BC5479CB19D1E71F00939AD0 /* Debug */ = {
			isa = XCBuildConfiguration;
			buildSettings = {
				BUNDLE_LOADER = "$(TEST_HOST)";
				FRAMEWORK_SEARCH_PATHS = (
					"$(SDKROOT)/Developer/Library/Frameworks",
					"$(inherited)",
				);
				GCC_PREPROCESSOR_DEFINITIONS = (
					"DEBUG=1",
					"$(inherited)",
				);
				INFOPLIST_FILE = "Objective-C 101Tests/Info.plist";
				LD_RUNPATH_SEARCH_PATHS = "$(inherited) @executable_path/Frameworks @loader_path/Frameworks";
				PRODUCT_NAME = "$(TARGET_NAME)";
				TEST_HOST = "$(BUILT_PRODUCTS_DIR)/Objective-C 101.app/Objective-C 101";
			};
			name = Debug;
		};
		BC5479CC19D1E71F00939AD0 /* Release */ = {
			isa = XCBuildConfiguration;
			buildSettings = {
				BUNDLE_LOADER = "$(TEST_HOST)";
				FRAMEWORK_SEARCH_PATHS = (
					"$(SDKROOT)/Developer/Library/Frameworks",
					"$(inherited)",
				);
				INFOPLIST_FILE = "Objective-C 101Tests/Info.plist";
				LD_RUNPATH_SEARCH_PATHS = "$(inherited) @executable_path/Frameworks @loader_path/Frameworks";
				PRODUCT_NAME = "$(TARGET_NAME)";
				TEST_HOST = "$(BUILT_PRODUCTS_DIR)/Objective-C 101.app/Objective-C 101";
			};
			name = Release;
		};
/* End XCBuildConfiguration section */

/* Begin XCConfigurationList section */
		BC54799F19D1E71E00939AD0 /* Build configuration list for PBXProject "Objective-C 101" */ = {
			isa = XCConfigurationList;
			buildConfigurations = (
				BC5479C519D1E71F00939AD0 /* Debug */,
				BC5479C619D1E71F00939AD0 /* Release */,
			);
			defaultConfigurationIsVisible = 0;
			defaultConfigurationName = Release;
		};
		BC5479C719D1E71F00939AD0 /* Build configuration list for PBXNativeTarget "Objective-C 101" */ = {
			isa = XCConfigurationList;
			buildConfigurations = (
				BC5479C819D1E71F00939AD0 /* Debug */,
				BC5479C919D1E71F00939AD0 /* Release */,
			);
			defaultConfigurationIsVisible = 0;
		};
		BC5479CA19D1E71F00939AD0 /* Build configuration list for PBXNativeTarget "Objective-C 101Tests" */ = {
			isa = XCConfigurationList;
			buildConfigurations = (
				BC5479CB19D1E71F00939AD0 /* Debug */,
				BC5479CC19D1E71F00939AD0 /* Release */,
			);
			defaultConfigurationIsVisible = 0;
		};
/* End XCConfigurationList section */
	};
	rootObject = BC54799C19D1E71E00939AD0 /* Project object */;
}
