// !$*UTF8*$!
{
	archiveVersion = 1;
	classes = {
	};
	objectVersion = 46;
	objects = {

/* Begin PBXBuildFile section */
		BC86446919F6D8FA00853FB2 /* AppDelegate.swift in Sources */ = {isa = PBXBuildFile; fileRef = BC86446819F6D8FA00853FB2 /* AppDelegate.swift */; };
		BC86446B19F6D8FA00853FB2 /* ViewController.swift in Sources */ = {isa = PBXBuildFile; fileRef = BC86446A19F6D8FA00853FB2 /* ViewController.swift */; };
		BC86446E19F6D8FA00853FB2 /* Main.storyboard in Resources */ = {isa = PBXBuildFile; fileRef = BC86446C19F6D8FA00853FB2 /* Main.storyboard */; };
		BC86447019F6D8FA00853FB2 /* Images.xcassets in Resources */ = {isa = PBXBuildFile; fileRef = BC86446F19F6D8FA00853FB2 /* Images.xcassets */; };
		BC86447319F6D8FA00853FB2 /* LaunchScreen.xib in Resources */ = {isa = PBXBuildFile; fileRef = BC86447119F6D8FA00853FB2 /* LaunchScreen.xib */; };
		BC86447F19F6D8FA00853FB2 /* HealthKit100Tests.swift in Sources */ = {isa = PBXBuildFile; fileRef = BC86447E19F6D8FA00853FB2 /* HealthKit100Tests.swift */; };
		BC86448E19F6DA4900853FB2 /* HealthKit.framework in Frameworks */ = {isa = PBXBuildFile; fileRef = BC86448D19F6DA4900853FB2 /* HealthKit.framework */; };
/* End PBXBuildFile section */

/* Begin PBXContainerItemProxy section */
		BC86447919F6D8FA00853FB2 /* PBXContainerItemProxy */ = {
			isa = PBXContainerItemProxy;
			containerPortal = BC86445B19F6D8FA00853FB2 /* Project object */;
			proxyType = 1;
			remoteGlobalIDString = BC86446219F6D8FA00853FB2;
			remoteInfo = HealthKit100;
		};
/* End PBXContainerItemProxy section */

/* Begin PBXFileReference section */
		BC86446319F6D8FA00853FB2 /* HealthKit100.app */ = {isa = PBXFileReference; explicitFileType = wrapper.application; includeInIndex = 0; path = HealthKit100.app; sourceTree = BUILT_PRODUCTS_DIR; };
		BC86446719F6D8FA00853FB2 /* Info.plist */ = {isa = PBXFileReference; lastKnownFileType = text.plist.xml; path = Info.plist; sourceTree = "<group>"; };
		BC86446819F6D8FA00853FB2 /* AppDelegate.swift */ = {isa = PBXFileReference; lastKnownFileType = sourcecode.swift; path = AppDelegate.swift; sourceTree = "<group>"; };
		BC86446A19F6D8FA00853FB2 /* ViewController.swift */ = {isa = PBXFileReference; lastKnownFileType = sourcecode.swift; path = ViewController.swift; sourceTree = "<group>"; };
		BC86446D19F6D8FA00853FB2 /* Base */ = {isa = PBXFileReference; lastKnownFileType = file.storyboard; name = Base; path = Base.lproj/Main.storyboard; sourceTree = "<group>"; };
		BC86446F19F6D8FA00853FB2 /* Images.xcassets */ = {isa = PBXFileReference; lastKnownFileType = folder.assetcatalog; path = Images.xcassets; sourceTree = "<group>"; };
		BC86447219F6D8FA00853FB2 /* Base */ = {isa = PBXFileReference; lastKnownFileType = file.xib; name = Base; path = Base.lproj/LaunchScreen.xib; sourceTree = "<group>"; };
		BC86447819F6D8FA00853FB2 /* HealthKit100Tests.xctest */ = {isa = PBXFileReference; explicitFileType = wrapper.cfbundle; includeInIndex = 0; path = HealthKit100Tests.xctest; sourceTree = BUILT_PRODUCTS_DIR; };
		BC86447D19F6D8FA00853FB2 /* Info.plist */ = {isa = PBXFileReference; lastKnownFileType = text.plist.xml; path = Info.plist; sourceTree = "<group>"; };
		BC86447E19F6D8FA00853FB2 /* HealthKit100Tests.swift */ = {isa = PBXFileReference; lastKnownFileType = sourcecode.swift; path = HealthKit100Tests.swift; sourceTree = "<group>"; };
		BC86448A19F6DA4200853FB2 /* fs2014.entitlements */ = {isa = PBXFileReference; lastKnownFileType = text.xml; path = fs2014.entitlements; sourceTree = "<group>"; };
		BC86448D19F6DA4900853FB2 /* HealthKit.framework */ = {isa = PBXFileReference; lastKnownFileType = wrapper.framework; name = HealthKit.framework; path = System/Library/Frameworks/HealthKit.framework; sourceTree = SDKROOT; };
/* End PBXFileReference section */

/* Begin PBXFrameworksBuildPhase section */
		BC86446019F6D8FA00853FB2 /* Frameworks */ = {
			isa = PBXFrameworksBuildPhase;
			buildActionMask = 2147483647;
			files = (
				BC86448E19F6DA4900853FB2 /* HealthKit.framework in Frameworks */,
			);
			runOnlyForDeploymentPostprocessing = 0;
		};
		BC86447519F6D8FA00853FB2 /* Frameworks */ = {
			isa = PBXFrameworksBuildPhase;
			buildActionMask = 2147483647;
			files = (
			);
			runOnlyForDeploymentPostprocessing = 0;
		};
/* End PBXFrameworksBuildPhase section */

/* Begin PBXGroup section */
		BC86445A19F6D8FA00853FB2 = {
			isa = PBXGroup;
			children = (
				BC86448D19F6DA4900853FB2 /* HealthKit.framework */,
				BC86446519F6D8FA00853FB2 /* HealthKit100 */,
				BC86447B19F6D8FA00853FB2 /* HealthKit100Tests */,
				BC86446419F6D8FA00853FB2 /* Products */,
			);
			sourceTree = "<group>";
		};
		BC86446419F6D8FA00853FB2 /* Products */ = {
			isa = PBXGroup;
			children = (
				BC86446319F6D8FA00853FB2 /* HealthKit100.app */,
				BC86447819F6D8FA00853FB2 /* HealthKit100Tests.xctest */,
			);
			name = Products;
			sourceTree = "<group>";
		};
		BC86446519F6D8FA00853FB2 /* HealthKit100 */ = {
			isa = PBXGroup;
			children = (
				BC86448A19F6DA4200853FB2 /* fs2014.entitlements */,
				BC86446819F6D8FA00853FB2 /* AppDelegate.swift */,
				BC86446A19F6D8FA00853FB2 /* ViewController.swift */,
				BC86446C19F6D8FA00853FB2 /* Main.storyboard */,
				BC86446F19F6D8FA00853FB2 /* Images.xcassets */,
				BC86447119F6D8FA00853FB2 /* LaunchScreen.xib */,
				BC86446619F6D8FA00853FB2 /* Supporting Files */,
			);
			path = HealthKit100;
			sourceTree = "<group>";
		};
		BC86446619F6D8FA00853FB2 /* Supporting Files */ = {
			isa = PBXGroup;
			children = (
				BC86446719F6D8FA00853FB2 /* Info.plist */,
			);
			name = "Supporting Files";
			sourceTree = "<group>";
		};
		BC86447B19F6D8FA00853FB2 /* HealthKit100Tests */ = {
			isa = PBXGroup;
			children = (
				BC86447E19F6D8FA00853FB2 /* HealthKit100Tests.swift */,
				BC86447C19F6D8FA00853FB2 /* Supporting Files */,
			);
			path = HealthKit100Tests;
			sourceTree = "<group>";
		};
		BC86447C19F6D8FA00853FB2 /* Supporting Files */ = {
			isa = PBXGroup;
			children = (
				BC86447D19F6D8FA00853FB2 /* Info.plist */,
			);
			name = "Supporting Files";
			sourceTree = "<group>";
		};
/* End PBXGroup section */

/* Begin PBXNativeTarget section */
		BC86446219F6D8FA00853FB2 /* HealthKit100 */ = {
			isa = PBXNativeTarget;
			buildConfigurationList = BC86448219F6D8FA00853FB2 /* Build configuration list for PBXNativeTarget "HealthKit100" */;
			buildPhases = (
				BC86445F19F6D8FA00853FB2 /* Sources */,
				BC86446019F6D8FA00853FB2 /* Frameworks */,
				BC86446119F6D8FA00853FB2 /* Resources */,
			);
			buildRules = (
			);
			dependencies = (
			);
			name = HealthKit100;
			productName = HealthKit100;
			productReference = BC86446319F6D8FA00853FB2 /* HealthKit100.app */;
			productType = "com.apple.product-type.application";
		};
		BC86447719F6D8FA00853FB2 /* HealthKit100Tests */ = {
			isa = PBXNativeTarget;
			buildConfigurationList = BC86448519F6D8FA00853FB2 /* Build configuration list for PBXNativeTarget "HealthKit100Tests" */;
			buildPhases = (
				BC86447419F6D8FA00853FB2 /* Sources */,
				BC86447519F6D8FA00853FB2 /* Frameworks */,
				BC86447619F6D8FA00853FB2 /* Resources */,
			);
			buildRules = (
			);
			dependencies = (
				BC86447A19F6D8FA00853FB2 /* PBXTargetDependency */,
			);
			name = HealthKit100Tests;
			productName = HealthKit100Tests;
			productReference = BC86447819F6D8FA00853FB2 /* HealthKit100Tests.xctest */;
			productType = "com.apple.product-type.bundle.unit-test";
		};
/* End PBXNativeTarget section */

/* Begin PBXProject section */
		BC86445B19F6D8FA00853FB2 /* Project object */ = {
			isa = PBXProject;
			attributes = {
				LastUpgradeCheck = 0600;
				ORGANIZATIONNAME = "Tyron Allen";
				TargetAttributes = {
					BC86446219F6D8FA00853FB2 = {
						CreatedOnToolsVersion = 6.0;
						DevelopmentTeam = 4FNJNUQ3AD;
						SystemCapabilities = {
							com.apple.HealthKit = {
								enabled = 1;
							};
						};
					};
					BC86447719F6D8FA00853FB2 = {
						CreatedOnToolsVersion = 6.0;
						TestTargetID = BC86446219F6D8FA00853FB2;
					};
				};
			};
			buildConfigurationList = BC86445E19F6D8FA00853FB2 /* Build configuration list for PBXProject "HealthKit100" */;
			compatibilityVersion = "Xcode 3.2";
			developmentRegion = English;
			hasScannedForEncodings = 0;
			knownRegions = (
				en,
				Base,
			);
			mainGroup = BC86445A19F6D8FA00853FB2;
			productRefGroup = BC86446419F6D8FA00853FB2 /* Products */;
			projectDirPath = "";
			projectRoot = "";
			targets = (
				BC86446219F6D8FA00853FB2 /* HealthKit100 */,
				BC86447719F6D8FA00853FB2 /* HealthKit100Tests */,
			);
		};
/* End PBXProject section */

/* Begin PBXResourcesBuildPhase section */
		BC86446119F6D8FA00853FB2 /* Resources */ = {
			isa = PBXResourcesBuildPhase;
			buildActionMask = 2147483647;
			files = (
				BC86446E19F6D8FA00853FB2 /* Main.storyboard in Resources */,
				BC86447319F6D8FA00853FB2 /* LaunchScreen.xib in Resources */,
				BC86447019F6D8FA00853FB2 /* Images.xcassets in Resources */,
			);
			runOnlyForDeploymentPostprocessing = 0;
		};
		BC86447619F6D8FA00853FB2 /* Resources */ = {
			isa = PBXResourcesBuildPhase;
			buildActionMask = 2147483647;
			files = (
			);
			runOnlyForDeploymentPostprocessing = 0;
		};
/* End PBXResourcesBuildPhase section */

/* Begin PBXSourcesBuildPhase section */
		BC86445F19F6D8FA00853FB2 /* Sources */ = {
			isa = PBXSourcesBuildPhase;
			buildActionMask = 2147483647;
			files = (
				BC86446B19F6D8FA00853FB2 /* ViewController.swift in Sources */,
				BC86446919F6D8FA00853FB2 /* AppDelegate.swift in Sources */,
			);
			runOnlyForDeploymentPostprocessing = 0;
		};
		BC86447419F6D8FA00853FB2 /* Sources */ = {
			isa = PBXSourcesBuildPhase;
			buildActionMask = 2147483647;
			files = (
				BC86447F19F6D8FA00853FB2 /* HealthKit100Tests.swift in Sources */,
			);
			runOnlyForDeploymentPostprocessing = 0;
		};
/* End PBXSourcesBuildPhase section */

/* Begin PBXTargetDependency section */
		BC86447A19F6D8FA00853FB2 /* PBXTargetDependency */ = {
			isa = PBXTargetDependency;
			target = BC86446219F6D8FA00853FB2 /* HealthKit100 */;
			targetProxy = BC86447919F6D8FA00853FB2 /* PBXContainerItemProxy */;
		};
/* End PBXTargetDependency section */

/* Begin PBXVariantGroup section */
		BC86446C19F6D8FA00853FB2 /* Main.storyboard */ = {
			isa = PBXVariantGroup;
			children = (
				BC86446D19F6D8FA00853FB2 /* Base */,
			);
			name = Main.storyboard;
			sourceTree = "<group>";
		};
		BC86447119F6D8FA00853FB2 /* LaunchScreen.xib */ = {
			isa = PBXVariantGroup;
			children = (
				BC86447219F6D8FA00853FB2 /* Base */,
			);
			name = LaunchScreen.xib;
			sourceTree = "<group>";
		};
/* End PBXVariantGroup section */

/* Begin XCBuildConfiguration section */
		BC86448019F6D8FA00853FB2 /* Debug */ = {
			isa = XCBuildConfiguration;
			buildSettings = {
				ALWAYS_SEARCH_USER_PATHS = NO;
				CLANG_CXX_LANGUAGE_STANDARD = "gnu++0x";
				CLANG_CXX_LIBRARY = "libc++";
				CLANG_ENABLE_MODULES = YES;
				CLANG_ENABLE_OBJC_ARC = YES;
				CLANG_WARN_BOOL_CONVERSION = YES;
				CLANG_WARN_CONSTANT_CONVERSION = YES;
				CLANG_WARN_DIRECT_OBJC_ISA_USAGE = YES_ERROR;
				CLANG_WARN_EMPTY_BODY = YES;
				CLANG_WARN_ENUM_CONVERSION = YES;
				CLANG_WARN_INT_CONVERSION = YES;
				CLANG_WARN_OBJC_ROOT_CLASS = YES_ERROR;
				CLANG_WARN_UNREACHABLE_CODE = YES;
				CLANG_WARN__DUPLICATE_METHOD_MATCH = YES;
				"CODE_SIGN_IDENTITY[sdk=iphoneos*]" = "iPhone Developer";
				COPY_PHASE_STRIP = NO;
				ENABLE_STRICT_OBJC_MSGSEND = YES;
				GCC_C_LANGUAGE_STANDARD = gnu99;
				GCC_DYNAMIC_NO_PIC = NO;
				GCC_OPTIMIZATION_LEVEL = 0;
				GCC_PREPROCESSOR_DEFINITIONS = (
					"DEBUG=1",
					"$(inherited)",
				);
				GCC_SYMBOLS_PRIVATE_EXTERN = NO;
				GCC_WARN_64_TO_32_BIT_CONVERSION = YES;
				GCC_WARN_ABOUT_RETURN_TYPE = YES_ERROR;
				GCC_WARN_UNDECLARED_SELECTOR = YES;
				GCC_WARN_UNINITIALIZED_AUTOS = YES_AGGRESSIVE;
				GCC_WARN_UNUSED_FUNCTION = YES;
				GCC_WARN_UNUSED_VARIABLE = YES;
				IPHONEOS_DEPLOYMENT_TARGET = 8.0;
				MTL_ENABLE_DEBUG_INFO = YES;
				ONLY_ACTIVE_ARCH = YES;
				SDKROOT = iphoneos;
				SWIFT_OPTIMIZATION_LEVEL = "-Onone";
			};
			name = Debug;
		};
		BC86448119F6D8FA00853FB2 /* Release */ = {
			isa = XCBuildConfiguration;
			buildSettings = {
				ALWAYS_SEARCH_USER_PATHS = NO;
				CLANG_CXX_LANGUAGE_STANDARD = "gnu++0x";
				CLANG_CXX_LIBRARY = "libc++";
				CLANG_ENABLE_MODULES = YES;
				CLANG_ENABLE_OBJC_ARC = YES;
				CLANG_WARN_BOOL_CONVERSION = YES;
				CLANG_WARN_CONSTANT_CONVERSION = YES;
				CLANG_WARN_DIRECT_OBJC_ISA_USAGE = YES_ERROR;
				CLANG_WARN_EMPTY_BODY = YES;
				CLANG_WARN_ENUM_CONVERSION = YES;
				CLANG_WARN_INT_CONVERSION = YES;
				CLANG_WARN_OBJC_ROOT_CLASS = YES_ERROR;
				CLANG_WARN_UNREACHABLE_CODE = YES;
				CLANG_WARN__DUPLICATE_METHOD_MATCH = YES;
				"CODE_SIGN_IDENTITY[sdk=iphoneos*]" = "iPhone Developer";
				COPY_PHASE_STRIP = YES;
				ENABLE_NS_ASSERTIONS = NO;
				ENABLE_STRICT_OBJC_MSGSEND = YES;
				GCC_C_LANGUAGE_STANDARD = gnu99;
				GCC_WARN_64_TO_32_BIT_CONVERSION = YES;
				GCC_WARN_ABOUT_RETURN_TYPE = YES_ERROR;
				GCC_WARN_UNDECLARED_SELECTOR = YES;
				GCC_WARN_UNINITIALIZED_AUTOS = YES_AGGRESSIVE;
				GCC_WARN_UNUSED_FUNCTION = YES;
				GCC_WARN_UNUSED_VARIABLE = YES;
				IPHONEOS_DEPLOYMENT_TARGET = 8.0;
				MTL_ENABLE_DEBUG_INFO = NO;
				SDKROOT = iphoneos;
				VALIDATE_PRODUCT = YES;
			};
			name = Release;
		};
		BC86448319F6D8FA00853FB2 /* Debug */ = {
			isa = XCBuildConfiguration;
			buildSettings = {
				ASSETCATALOG_COMPILER_APPICON_NAME = AppIcon;
				CODE_SIGN_ENTITLEMENTS = HealthKit100/fs2014.entitlements;
				CODE_SIGN_IDENTITY = "iPhone Developer: Tyron Allen (BUNCBN22VP)";
				INFOPLIST_FILE = HealthKit100/Info.plist;
				LD_RUNPATH_SEARCH_PATHS = "$(inherited) @executable_path/Frameworks";
				PRODUCT_NAME = HealthKit100;
			};
			name = Debug;
		};
		BC86448419F6D8FA00853FB2 /* Release */ = {
			isa = XCBuildConfiguration;
			buildSettings = {
				ASSETCATALOG_COMPILER_APPICON_NAME = AppIcon;
				CODE_SIGN_ENTITLEMENTS = HealthKit100/fs2014.entitlements;
				CODE_SIGN_IDENTITY = "iPhone Developer: Tyron Allen (BUNCBN22VP)";
				INFOPLIST_FILE = HealthKit100/Info.plist;
				LD_RUNPATH_SEARCH_PATHS = "$(inherited) @executable_path/Frameworks";
				PRODUCT_NAME = HealthKit100;
			};
			name = Release;
		};
		BC86448619F6D8FA00853FB2 /* Debug */ = {
			isa = XCBuildConfiguration;
			buildSettings = {
				BUNDLE_LOADER = "$(TEST_HOST)";
				FRAMEWORK_SEARCH_PATHS = (
					"$(SDKROOT)/Developer/Library/Frameworks",
					"$(inherited)",
				);
				GCC_PREPROCESSOR_DEFINITIONS = (
					"DEBUG=1",
					"$(inherited)",
				);
				INFOPLIST_FILE = HealthKit100Tests/Info.plist;
				LD_RUNPATH_SEARCH_PATHS = "$(inherited) @executable_path/Frameworks @loader_path/Frameworks";
				PRODUCT_NAME = "$(TARGET_NAME)";
				TEST_HOST = "$(BUILT_PRODUCTS_DIR)/HealthKit100.app/HealthKit100";
			};
			name = Debug;
		};
		BC86448719F6D8FA00853FB2 /* Release */ = {
			isa = XCBuildConfiguration;
			buildSettings = {
				BUNDLE_LOADER = "$(TEST_HOST)";
				FRAMEWORK_SEARCH_PATHS = (
					"$(SDKROOT)/Developer/Library/Frameworks",
					"$(inherited)",
				);
				INFOPLIST_FILE = HealthKit100Tests/Info.plist;
				LD_RUNPATH_SEARCH_PATHS = "$(inherited) @executable_path/Frameworks @loader_path/Frameworks";
				PRODUCT_NAME = "$(TARGET_NAME)";
				TEST_HOST = "$(BUILT_PRODUCTS_DIR)/HealthKit100.app/HealthKit100";
			};
			name = Release;
		};
/* End XCBuildConfiguration section */

/* Begin XCConfigurationList section */
		BC86445E19F6D8FA00853FB2 /* Build configuration list for PBXProject "HealthKit100" */ = {
			isa = XCConfigurationList;
			buildConfigurations = (
				BC86448019F6D8FA00853FB2 /* Debug */,
				BC86448119F6D8FA00853FB2 /* Release */,
			);
			defaultConfigurationIsVisible = 0;
			defaultConfigurationName = Release;
		};
		BC86448219F6D8FA00853FB2 /* Build configuration list for PBXNativeTarget "HealthKit100" */ = {
			isa = XCConfigurationList;
			buildConfigurations = (
				BC86448319F6D8FA00853FB2 /* Debug */,
				BC86448419F6D8FA00853FB2 /* Release */,
			);
			defaultConfigurationIsVisible = 0;
		};
		BC86448519F6D8FA00853FB2 /* Build configuration list for PBXNativeTarget "HealthKit100Tests" */ = {
			isa = XCConfigurationList;
			buildConfigurations = (
				BC86448619F6D8FA00853FB2 /* Debug */,
				BC86448719F6D8FA00853FB2 /* Release */,
			);
			defaultConfigurationIsVisible = 0;
		};
/* End XCConfigurationList section */
	};
	rootObject = BC86445B19F6D8FA00853FB2 /* Project object */;
}
